PODS:
  - Alamofire (4.0.1)
  - ChameleonFramework (2.0.6):
    - ChameleonFramework/Default (= 2.0.6)
  - ChameleonFramework/Default (2.0.6)
  - Crashlytics (3.7.0):
    - Fabric (~> 1.6.3)
  - DTCoreText (1.6.17):
    - DTFoundation/Core (~> 1.7.5)
    - DTFoundation/DTAnimatedGIF (~> 1.7.5)
    - DTFoundation/DTHTMLParser (~> 1.7.5)
    - DTFoundation/UIKit (~> 1.7.5)
  - DTFoundation/Core (1.7.10)
  - DTFoundation/DTAnimatedGIF (1.7.10)
  - DTFoundation/DTHTMLParser (1.7.10):
    - DTFoundation/Core
  - DTFoundation/UIKit (1.7.10):
    - DTFoundation/Core
  - Fabric (1.6.7)
  - FLAnimatedImage (1.0.10)
  - FontAwesomeKit (2.1.9):
    - FontAwesomeKit/Core (= 2.1.9)
    - FontAwesomeKit/FontAwesome (= 2.1.9)
    - FontAwesomeKit/FoundationIcons (= 2.1.9)
    - FontAwesomeKit/IonIcons (= 2.1.9)
    - FontAwesomeKit/Zocial (= 2.1.9)
  - FontAwesomeKit/Core (2.1.9)
  - FontAwesomeKit/FontAwesome (2.1.9):
    - FontAwesomeKit/Core
  - FontAwesomeKit/FoundationIcons (2.1.9):
    - FontAwesomeKit/Core
  - FontAwesomeKit/IonIcons (2.1.9):
    - FontAwesomeKit/Core
  - FontAwesomeKit/Zocial (2.1.9):
    - FontAwesomeKit/Core
  - FormatterKit/TimeIntervalFormatter (1.8.0)
  - JXHTTP (3.0.2)
  - ModelMapper (5.0.0)
  - OAuthSwift (1.0.0)
  - PINCache (2.1.2)
  - PINRemoteImage (1.2.2):
    - PINRemoteImage/FLAnimatedImage (= 1.2.2)
  - PINRemoteImage/Core (1.2.2):
    - PINCache (>= 2.1)
  - PINRemoteImage/FLAnimatedImage (1.2.2):
    - FLAnimatedImage (>= 1.0)
    - PINRemoteImage/Core
  - Player (0.2.0)
  - pop (1.0.7)
  - Reachability (3.2)
  - Realm (2.0.2):
    - Realm/Headers (= 2.0.2)
  - Realm/Headers (2.0.2)
  - RealmSwift (2.0.2):
    - Realm (= 2.0.2)
  - SlackTextViewController (1.8)
  - Spectacles (1.0.1)
  - SSKeychain (1.3.1)
  - TMTumblrSDK (4.0.4):
    - TMTumblrSDK/Activity (= 4.0.4)
    - TMTumblrSDK/APIClient (= 4.0.4)
    - TMTumblrSDK/AppClient (= 4.0.4)
    - TMTumblrSDK/Core (= 4.0.4)
  - TMTumblrSDK/Activity (4.0.4)
  - TMTumblrSDK/APIClient (4.0.4):
    - JXHTTP
    - TMTumblrSDK/APIClient/Authentication (= 4.0.4)
  - TMTumblrSDK/APIClient/Authentication (4.0.4):
    - JXHTTP
    - TMTumblrSDK/Core
  - TMTumblrSDK/AppClient (4.0.4):
    - TMTumblrSDK/Core
  - TMTumblrSDK/Core (4.0.4):
    - Spectacles (~> 1.0)
  - VENTouchLock (1.11.0):
    - SSKeychain (~> 1.0)
  - WCFastCell (1.1)
  - XCDYouTubeKit (2.5.1)
  - XExtensionItem (0.9.3):
    - XExtensionItem/Core (= 0.9.3)
    - XExtensionItem/Tumblr (= 0.9.3)
  - XExtensionItem/Core (0.9.3)
  - XExtensionItem/Tumblr (0.9.3):
    - XExtensionItem/Core
  - YYText (1.0.4)

DEPENDENCIES:
  - Alamofire
  - ChameleonFramework (~> 2.0)
  - Crashlytics
  - DTCoreText (~> 1.6)
  - Fabric
  - FontAwesomeKit (from `https://github.com/PrideChung/FontAwesomeKit.git`)
  - FormatterKit/TimeIntervalFormatter (~> 1.8)
  - ModelMapper (~> 5.0)
  - OAuthSwift (~> 1.0)
  - PINCache (~> 2.1)
  - PINRemoteImage (~> 1.2)
  - Player (~> 0.1)
  - pop (~> 1.0)
  - Reachability (~> 3.2)
  - RealmSwift (~> 2.0)
  - SlackTextViewController (~> 1.4)
  - TMTumblrSDK (~> 4.0)
  - VENTouchLock (~> 1.0)
  - WCFastCell (~> 1.1)
  - XCDYouTubeKit (~> 2.4)
  - XExtensionItem (~> 0.9)
  - YYText (~> 1.0)

EXTERNAL SOURCES:
  FontAwesomeKit:
    :git: https://github.com/PrideChung/FontAwesomeKit.git

CHECKOUT OPTIONS:
  FontAwesomeKit:
    :commit: 0c9d92aeef1fd148c11daed2ded9d0dcdb4b2c4f
    :git: https://github.com/PrideChung/FontAwesomeKit.git

SPEC CHECKSUMS:
  Alamofire: 7682d43245de14874acd142ec137b144aa1dd335
  ChameleonFramework: a6b466873ff9a4ce3a5196c20bccf1a97ad9f446
  Crashlytics: c3a2333dea9e2733d2777f730910321fc9e25c0d
  DTCoreText: 3ea8bba23dd2141ba18adb227a7dd33a822df1c4
  DTFoundation: 3b6b1b817d2a7fb02e7eaf2596c922a68145bd43
  Fabric: caf7580c725e64db144f610ac65cd60956911dc7
  FLAnimatedImage: e16a1e1cef08e4c509b47e4acbe3923f65c16135
  FontAwesomeKit: 0cd610453ce270f34ad17378c68de98aad0e05ef
  FormatterKit: bddde83e054edf9d9ee14f9de3b3a5103db256f4
  JXHTTP: c37120f210cd2dfcb3470d70239f5253335e2f1a
  ModelMapper: 89ced1f51ec6360e93f6889d08c818d4cad526a3
  OAuthSwift: dd4f502ffd4f6e122b861b5e4529bf6454a30fe6
  PINCache: 9e70271f1bdd60c0465b7208adcc4b6acc1fc376
  PINRemoteImage: 9f6f484bbceee15e2df5aee0beeac2e261e4ac81
  Player: 603da78358f4bd5b0a074762bcc8436a9a43a076
  pop: 628ffc631644601567ee8bfaaaea493ebd7d0923
  Reachability: 33e18b67625424e47b6cde6d202dce689ad7af96
  Realm: 0f5a194af0b7e6158b83db41b4ee1a00be7ddf1a
  RealmSwift: 0eb5070d851cba7c66e841ca756d83609dc78bc8
  SlackTextViewController: 0300adee2931fdbe72488990336f0937dbed048e
  Spectacles: 8dc60711140320653724560e2d6bbb8a8f0940e4
  SSKeychain: 04c4ec40f4c3deda524e269bc76e5f30e638a174
  TMTumblrSDK: 7b253e968a31f515aee0ee5f7e5faa8b7b0d0470
  VENTouchLock: f3145d6fbff243d6692dfb1107b88db06dc216c9
  WCFastCell: 3e20a0c711d27307584bdbd359a44a714e991151
  XCDYouTubeKit: ee78997dc92d1055f11459d95c492dae1dba909d
  XExtensionItem: ce626520bbca225930b9c8e2283b226df431af3f
  YYText: 41761822986179828a27ccf82aa97c7b5483c2e2

PODFILE CHECKSUM: 7e460948f57373779cd680a400daafe0d4a6409e

COCOAPODS: 1.1.0.rc.1
