PODS:
  - AFNetworking (2.5.0):
    - AFNetworking/NSURLConnection (= 2.5.0)
    - AFNetworking/NSURLSession (= 2.5.0)
    - AFNetworking/Reachability (= 2.5.0)
    - AFNetworking/Security (= 2.5.0)
    - AFNetworking/Serialization (= 2.5.0)
    - AFNetworking/UIKit (= 2.5.0)
  - AFNetworking/NSURLConnection (2.5.0):
    - AFNetworking/Reachability
    - AFNetworking/Security
    - AFNetworking/Serialization
  - AFNetworking/NSURLSession (2.5.0):
    - AFNetworking/Reachability
    - AFNetworking/Security
    - AFNetworking/Serialization
  - AFNetworking/Reachability (2.5.0)
  - AFNetworking/Security (2.5.0)
  - AFNetworking/Serialization (2.5.0)
  - AFNetworking/UIKit (2.5.0):
    - AFNetworking/NSURLConnection
    - AFNetworking/NSURLSession
  - ChameleonFramework (1.1.2)
  - CHTCollectionViewWaterfallLayout (0.8)
  - FLAnimatedImage (1.0.8)
  - FontAwesomeKit (2.1.9):
    - FontAwesomeKit/Core (= 2.1.9)
    - FontAwesomeKit/FontAwesome (= 2.1.9)
    - FontAwesomeKit/FoundationIcons (= 2.1.9)
    - FontAwesomeKit/IonIcons (= 2.1.9)
    - FontAwesomeKit/Zocial (= 2.1.9)
  - FontAwesomeKit/Core (2.1.9)
  - FontAwesomeKit/FontAwesome (2.1.9):
    - FontAwesomeKit/Core
  - FontAwesomeKit/FoundationIcons (2.1.9):
    - FontAwesomeKit/Core
  - FontAwesomeKit/IonIcons (2.1.9):
    - FontAwesomeKit/Core
  - FontAwesomeKit/Zocial (2.1.9):
    - FontAwesomeKit/Core
  - JXHTTP (1.0.4)
  - M13ProgressSuite (1.2.7)
  - pop (1.0.7)
  - Reachability (3.2)
  - SDWebImage (3.7.1):
    - SDWebImage/Core (= 3.7.1)
  - SDWebImage/Core (3.7.1)
  - SlackTextViewController (1.4.1):
    - SlackTextViewController/Additions (= 1.4.1)
  - SlackTextViewController/Additions (1.4.1)
  - SSKeychain (1.2.2)
  - SVPullToRefresh (0.4.1)
  - TMCache (1.2.3)
  - TMTumblrSDK (1.1.1):
    - TMTumblrSDK/Activity (= 1.1.1)
    - TMTumblrSDK/APIClient (= 1.1.1)
    - TMTumblrSDK/AppClient (= 1.1.1)
    - TMTumblrSDK/Core (= 1.1.1)
  - TMTumblrSDK/Activity (1.1.1)
  - TMTumblrSDK/APIClient (1.1.1):
    - JXHTTP (~> 1.0)
    - TMTumblrSDK/APIClient/Authentication (= 1.1.1)
  - TMTumblrSDK/APIClient/Authentication (1.1.1):
    - JXHTTP (~> 1.0)
    - TMTumblrSDK/Core
  - TMTumblrSDK/AppClient (1.1.1):
    - TMTumblrSDK/Core
  - TMTumblrSDK/Core (1.1.1)
  - VENTouchLock (1.0.6):
    - SSKeychain (~> 1.0)
  - WCFastCell (1.1)
  - youtube-ios-player-helper (0.1.1)

DEPENDENCIES:
  - AFNetworking
  - ChameleonFramework
  - CHTCollectionViewWaterfallLayout (from `https://github.com/ianyh/CHTCollectionViewWaterfallLayout.git`,
    branch `develop`)
  - FLAnimatedImage
  - FontAwesomeKit (from `https://github.com/PrideChung/FontAwesomeKit.git`)
  - M13ProgressSuite (from `https://github.com/ianyh/M13ProgressSuite.git`)
  - pop
  - Reachability
  - SDWebImage
  - SlackTextViewController
  - SVPullToRefresh
  - TMCache
  - TMTumblrSDK (~> 1)
  - VENTouchLock
  - WCFastCell
  - youtube-ios-player-helper

EXTERNAL SOURCES:
  CHTCollectionViewWaterfallLayout:
    :branch: develop
    :git: https://github.com/ianyh/CHTCollectionViewWaterfallLayout.git
  FontAwesomeKit:
    :git: https://github.com/PrideChung/FontAwesomeKit.git
  M13ProgressSuite:
    :git: https://github.com/ianyh/M13ProgressSuite.git

CHECKOUT OPTIONS:
  CHTCollectionViewWaterfallLayout:
    :commit: 57750315963eec8844c583942192d207b5f298e6
    :git: https://github.com/ianyh/CHTCollectionViewWaterfallLayout.git
  FontAwesomeKit:
    :commit: 62066f604c164c2e1c5be704df368d55955a52ce
    :git: https://github.com/PrideChung/FontAwesomeKit.git
  M13ProgressSuite:
    :commit: 57321a0f4aff566b459b8956b5f7ec889c5b8438
    :git: https://github.com/ianyh/M13ProgressSuite.git

SPEC CHECKSUMS:
  AFNetworking: 96ac9bf3eda33582701cb1fcc5b896aa1e20311e
  ChameleonFramework: 1b4588efcae564886e1a176fa02fb0f4c81a69b3
  CHTCollectionViewWaterfallLayout: 058823cc65c9d84e059b0a85eede517550da0334
  FLAnimatedImage: f9422f796135aff80d8c00b2afc48015bb746e24
  FontAwesomeKit: 0cd610453ce270f34ad17378c68de98aad0e05ef
  JXHTTP: b927cf0a0fdbf8906464917671e86887ee0e06be
  M13ProgressSuite: 03d194af6359da440641ba758aed5a18b0386a86
  pop: 628ffc631644601567ee8bfaaaea493ebd7d0923
  Reachability: 33e18b67625424e47b6cde6d202dce689ad7af96
  SDWebImage: ed3095af2ff88b436426037444979b917f6c5575
  SlackTextViewController: 22142c06d574c7a679631c24b2bab1f9195d31d7
  SSKeychain: 88767e903ee8d274ed380e364d96b7a101235286
  SVPullToRefresh: ba2e718695a43253d8bea6852d2960097dc15d8c
  TMCache: 5f68bc38d741aa8df4c63131b847522783665d81
  TMTumblrSDK: 41fcf37af955860459e244cb78bcf865a299b4d6
  VENTouchLock: d3b4f07229ca352a49057ed55bffe894d6701357
  WCFastCell: 3e20a0c711d27307584bdbd359a44a714e991151
  youtube-ios-player-helper: d7350b9f9070edf482e5d0bd5e8948c0ba1437f3

COCOAPODS: 0.37.2
