PODS:
  - ChameleonFramework (1.2.1):
    - ChameleonFramework/Default (= 1.2.1)
  - ChameleonFramework/Default (1.2.1)
  - Crashlytics (3.4.1):
    - Fabric (~> 1.6.0)
  - Fabric (1.6.1)
  - FLAnimatedImage (1.0.10)
  - FontAwesomeKit (2.1.9):
    - FontAwesomeKit/Core (= 2.1.9)
    - FontAwesomeKit/FontAwesome (= 2.1.9)
    - FontAwesomeKit/FoundationIcons (= 2.1.9)
    - FontAwesomeKit/IonIcons (= 2.1.9)
    - FontAwesomeKit/Zocial (= 2.1.9)
  - FontAwesomeKit/Core (2.1.9)
  - FontAwesomeKit/FontAwesome (2.1.9):
    - FontAwesomeKit/Core
  - FontAwesomeKit/FoundationIcons (2.1.9):
    - FontAwesomeKit/Core
  - FontAwesomeKit/IonIcons (2.1.9):
    - FontAwesomeKit/Core
  - FontAwesomeKit/Zocial (2.1.9):
    - FontAwesomeKit/Core
  - FormatterKit/TimeIntervalFormatter (1.8.0)
  - JXHTTP (2.0.2)
  - M13ProgressSuite (1.2.7)
  - OAuthSwift (0.5.0)
  - PINCache (2.1.2)
  - PINRemoteImage (1.2.2):
    - PINRemoteImage/FLAnimatedImage (= 1.2.2)
  - PINRemoteImage/Core (1.2.2):
    - PINCache (>= 2.1)
  - PINRemoteImage/FLAnimatedImage (1.2.2):
    - FLAnimatedImage (>= 1.0)
    - PINRemoteImage/Core
  - Player (0.1.0)
  - pop (1.0.7)
  - Reachability (3.2)
  - SlackTextViewController (1.8)
  - Spectacles (1.0.1)
  - SSKeychain (1.3.1)
  - SVPullToRefresh (0.4.1)
  - TMTumblrSDK (4.0.1):
    - TMTumblrSDK/Activity (= 4.0.1)
    - TMTumblrSDK/APIClient (= 4.0.1)
    - TMTumblrSDK/AppClient (= 4.0.1)
    - TMTumblrSDK/Core (= 4.0.1)
  - TMTumblrSDK/Activity (4.0.1)
  - TMTumblrSDK/APIClient (4.0.1):
    - JXHTTP (~> 2.0.1)
    - TMTumblrSDK/APIClient/Authentication (= 4.0.1)
  - TMTumblrSDK/APIClient/Authentication (4.0.1):
    - JXHTTP (~> 2.0.1)
    - TMTumblrSDK/Core
  - TMTumblrSDK/AppClient (4.0.1):
    - TMTumblrSDK/Core
  - TMTumblrSDK/Core (4.0.1):
    - Spectacles (~> 1.0)
  - VENTouchLock (1.11.0):
    - SSKeychain (~> 1.0)
  - WCFastCell (1.1)
  - XCDYouTubeKit (2.4.3)

DEPENDENCIES:
  - ChameleonFramework (~> 1.1)
  - Crashlytics
  - Fabric
  - FontAwesomeKit (from `https://github.com/PrideChung/FontAwesomeKit.git`)
  - FormatterKit/TimeIntervalFormatter (~> 1.8)
  - M13ProgressSuite (from `https://github.com/Marxon13/M13ProgressSuite.git`)
  - OAuthSwift (~> 0.5)
  - PINCache (~> 2.1)
  - PINRemoteImage (~> 1.2)
  - Player (~> 0.1)
  - pop (~> 1.0)
  - Reachability (~> 3.2)
  - SlackTextViewController (~> 1.4)
  - SVPullToRefresh (~> 0.4)
  - TMTumblrSDK (~> 4.0)
  - VENTouchLock (~> 1.0)
  - WCFastCell (~> 1.1)
  - XCDYouTubeKit (~> 2.4)

EXTERNAL SOURCES:
  FontAwesomeKit:
    :git: https://github.com/PrideChung/FontAwesomeKit.git
  M13ProgressSuite:
    :git: https://github.com/Marxon13/M13ProgressSuite.git

CHECKOUT OPTIONS:
  FontAwesomeKit:
    :commit: 0c9d92aeef1fd148c11daed2ded9d0dcdb4b2c4f
    :git: https://github.com/PrideChung/FontAwesomeKit.git
  M13ProgressSuite:
    :commit: 71c237eec66e726d4b0fe45053193931a9010f1d
    :git: https://github.com/Marxon13/M13ProgressSuite.git

SPEC CHECKSUMS:
  ChameleonFramework: 3476f813ac1615aef0a9a958f05520dfca47e09d
  Crashlytics: 41574a245bc6ae10c55d57f385ebd2004e5bee05
  Fabric: bf0ceb04e7c924090efc5f8c55e4fbcca189e0a0
  FLAnimatedImage: e16a1e1cef08e4c509b47e4acbe3923f65c16135
  FontAwesomeKit: 0cd610453ce270f34ad17378c68de98aad0e05ef
  FormatterKit: bddde83e054edf9d9ee14f9de3b3a5103db256f4
  JXHTTP: 7e3fde3d226e865531703b0e4ea4b6e1c22d9b16
  M13ProgressSuite: 4642db3df66a61f512ba2caded404637f9788eb6
  OAuthSwift: f2e0de083739da5697be095c9af2671242a4ed8b
  PINCache: 9e70271f1bdd60c0465b7208adcc4b6acc1fc376
  PINRemoteImage: 9f6f484bbceee15e2df5aee0beeac2e261e4ac81
  Player: e05be4073ea64fce1981869898ad9796c27cdd2b
  pop: 628ffc631644601567ee8bfaaaea493ebd7d0923
  Reachability: 33e18b67625424e47b6cde6d202dce689ad7af96
  SlackTextViewController: 0300adee2931fdbe72488990336f0937dbed048e
  Spectacles: 8dc60711140320653724560e2d6bbb8a8f0940e4
  SSKeychain: 04c4ec40f4c3deda524e269bc76e5f30e638a174
  SVPullToRefresh: ba2e718695a43253d8bea6852d2960097dc15d8c
  TMTumblrSDK: fec72b7eed921db0b2ec472b2c851d472ab41f3a
  VENTouchLock: f3145d6fbff243d6692dfb1107b88db06dc216c9
  WCFastCell: 3e20a0c711d27307584bdbd359a44a714e991151
  XCDYouTubeKit: a4a1a60faa7bc97744a1184501e82ef10ca15897

COCOAPODS: 0.39.0
