// !$*UTF8*$!
{
	archiveVersion = 1;
	classes = {
	};
	objectVersion = 46;
	objects = {

/* Begin PBXBuildFile section */
		333A7A24B331EAE2DE268EDE /* Pods_Highball.framework in Frameworks */ = {isa = PBXBuildFile; fileRef = F41EA2CF4E034DA6CCF1BAFC /* Pods_Highball.framework */; };
		40080E8E1A0F042B00D883AE /* SettingsViewController.swift in Sources */ = {isa = PBXBuildFile; fileRef = 40080E8D1A0F042B00D883AE /* SettingsViewController.swift */; };
		40080E901A0F11DD00D883AE /* LockSplashViewController.swift in Sources */ = {isa = PBXBuildFile; fileRef = 40080E8F1A0F11DD00D883AE /* LockSplashViewController.swift */; };
		4008591B1B7EBA05009DF207 /* NSDate+Relative.swift in Sources */ = {isa = PBXBuildFile; fileRef = 4008591A1B7EBA05009DF207 /* NSDate+Relative.swift */; };
		402033591A6C785400BA136C /* AnimatedImageCache.swift in Sources */ = {isa = PBXBuildFile; fileRef = 402033581A6C785400BA136C /* AnimatedImageCache.swift */; };
		402A20961A3D2C510007CCFF /* TitleTableViewCell.swift in Sources */ = {isa = PBXBuildFile; fileRef = 402A20951A3D2C510007CCFF /* TitleTableViewCell.swift */; };
		403040E01C37211A001EFC9E /* PhotosetLayoutRows.swift in Sources */ = {isa = PBXBuildFile; fileRef = 403040DF1C37211A001EFC9E /* PhotosetLayoutRows.swift */; };
		403040E51C373D66001EFC9E /* PostViewHeightCalculator.swift in Sources */ = {isa = PBXBuildFile; fileRef = 403040E41C373D66001EFC9E /* PostViewHeightCalculator.swift */; };
		403040E91C388775001EFC9E /* PostSectionAdapter.swift in Sources */ = {isa = PBXBuildFile; fileRef = 403040E81C388775001EFC9E /* PostSectionAdapter.swift */; };
		403040EB1C388F91001EFC9E /* PostHeaderView.swift in Sources */ = {isa = PBXBuildFile; fileRef = 403040EA1C388F91001EFC9E /* PostHeaderView.swift */; };
		40381A0B1A79A6FA005A2EEE /* YoutubeTableViewCell.swift in Sources */ = {isa = PBXBuildFile; fileRef = 40381A0A1A79A6FA005A2EEE /* YoutubeTableViewCell.swift */; };
		403F53DB19AECFEF00FF8F3B /* PhotosetRowTableViewCell.swift in Sources */ = {isa = PBXBuildFile; fileRef = 403F53DA19AECFEF00FF8F3B /* PhotosetRowTableViewCell.swift */; };
		403F53DD19AFB5DF00FF8F3B /* ContentTableViewCell.swift in Sources */ = {isa = PBXBuildFile; fileRef = 403F53DC19AFB5DF00FF8F3B /* ContentTableViewCell.swift */; };
		403F53DF19AFCEB800FF8F3B /* String+HTML.swift in Sources */ = {isa = PBXBuildFile; fileRef = 403F53DE19AFCEB800FF8F3B /* String+HTML.swift */; };
		4047A6421EEDA8AD006300A9 /* PostActionsTableViewCell.swift in Sources */ = {isa = PBXBuildFile; fileRef = 4047A6411EEDA8AD006300A9 /* PostActionsTableViewCell.swift */; };
		4050698119AA76BD0066ECE3 /* AppDelegate.swift in Sources */ = {isa = PBXBuildFile; fileRef = 4050698019AA76BD0066ECE3 /* AppDelegate.swift */; };
		4050698B19AA76BD0066ECE3 /* Images.xcassets in Resources */ = {isa = PBXBuildFile; fileRef = 4050698A19AA76BD0066ECE3 /* Images.xcassets */; };
		4050699719AA76BD0066ECE3 /* HighballTests.swift in Sources */ = {isa = PBXBuildFile; fileRef = 4050699619AA76BD0066ECE3 /* HighballTests.swift */; };
		406690651A5A17A1006345B0 /* TagsTableViewCell.swift in Sources */ = {isa = PBXBuildFile; fileRef = 406690641A5A17A1006345B0 /* TagsTableViewCell.swift */; };
		406F38EF1D7514520046CE1D /* Account.swift in Sources */ = {isa = PBXBuildFile; fileRef = 406F38EE1D7514520046CE1D /* Account.swift */; };
		406F38F31D751F2E0046CE1D /* Blog.swift in Sources */ = {isa = PBXBuildFile; fileRef = 406F38F21D751F2E0046CE1D /* Blog.swift */; };
		40778B9C19B15F9C00F8EE13 /* Post.swift in Sources */ = {isa = PBXBuildFile; fileRef = 40778B9B19B15F9C00F8EE13 /* Post.swift */; };
		40778B9E19B160DD00F8EE13 /* PostPhoto.swift in Sources */ = {isa = PBXBuildFile; fileRef = 40778B9D19B160DD00F8EE13 /* PostPhoto.swift */; };
		40778BAA19B24BA500F8EE13 /* PostQuestionTableViewCell.swift in Sources */ = {isa = PBXBuildFile; fileRef = 40778BA919B24BA500F8EE13 /* PostQuestionTableViewCell.swift */; };
		408C7D1F19B36F7400EFC410 /* PostLinkTableViewCell.swift in Sources */ = {isa = PBXBuildFile; fileRef = 408C7D1E19B36F7400EFC410 /* PostLinkTableViewCell.swift */; };
		408C7D2119B384C800EFC410 /* PostDialogueEntry.swift in Sources */ = {isa = PBXBuildFile; fileRef = 408C7D2019B384C800EFC410 /* PostDialogueEntry.swift */; };
		408C7D2319B387A500EFC410 /* PostDialogueEntryTableViewCell.swift in Sources */ = {isa = PBXBuildFile; fileRef = 408C7D2219B387A500EFC410 /* PostDialogueEntryTableViewCell.swift */; };
		408D5B6E1B7D6AA300C787FA /* Launch Screen.xib in Resources */ = {isa = PBXBuildFile; fileRef = 408D5B6D1B7D6AA300C787FA /* Launch Screen.xib */; };
		408FE2BB1EECB2AC000E3110 /* DataActivityItemSource.swift in Sources */ = {isa = PBXBuildFile; fileRef = 408FE2BA1EECB2AC000E3110 /* DataActivityItemSource.swift */; };
		408FE2BF1EECF05B000E3110 /* LikesFiltersViewController.swift in Sources */ = {isa = PBXBuildFile; fileRef = 408FE2BE1EECF05B000E3110 /* LikesFiltersViewController.swift */; };
		409030C81C306C42008E786F /* Main.storyboard in Resources */ = {isa = PBXBuildFile; fileRef = 409030C71C306C42008E786F /* Main.storyboard */; };
		409D00E91B28BF5F0097C2EC /* Cartography.framework in Frameworks */ = {isa = PBXBuildFile; fileRef = 409D00E51B27522E0097C2EC /* Cartography.framework */; };
		409D00EB1B28BF5F0097C2EC /* SwiftyJSON.framework in Frameworks */ = {isa = PBXBuildFile; fileRef = 409D00E61B27522E0097C2EC /* SwiftyJSON.framework */; };
		40A11E6819B518DD00B91843 /* ImagesViewController.swift in Sources */ = {isa = PBXBuildFile; fileRef = 40A11E6719B518DD00B91843 /* ImagesViewController.swift */; };
		40A11E6B19B51FF700B91843 /* ImageCollectionViewCell.swift in Sources */ = {isa = PBXBuildFile; fileRef = 40A11E6A19B51FF700B91843 /* ImageCollectionViewCell.swift */; };
		40CAF2F71D78CDB600B8A027 /* PostVideo.swift in Sources */ = {isa = PBXBuildFile; fileRef = 40CAF2F61D78CDB600B8A027 /* PostVideo.swift */; };
		40CAF2FC1D78ECFC00B8A027 /* DashboardViewController.swift in Sources */ = {isa = PBXBuildFile; fileRef = 40CAF2FB1D78ECFC00B8A027 /* DashboardViewController.swift */; };
		40CAF2FE1D78ED2300B8A027 /* PostsViewController.swift in Sources */ = {isa = PBXBuildFile; fileRef = 40CAF2FD1D78ED2300B8A027 /* PostsViewController.swift */; };
		40CAF3001D78EDA900B8A027 /* PostsPresenter.swift in Sources */ = {isa = PBXBuildFile; fileRef = 40CAF2FF1D78EDA900B8A027 /* PostsPresenter.swift */; };
		40CAF3021D78EDCF00B8A027 /* PostsDataManager.swift in Sources */ = {isa = PBXBuildFile; fileRef = 40CAF3011D78EDCF00B8A027 /* PostsDataManager.swift */; };
		40CAF3041D78EEAC00B8A027 /* DashboardPresenter.swift in Sources */ = {isa = PBXBuildFile; fileRef = 40CAF3031D78EEAC00B8A027 /* DashboardPresenter.swift */; };
		40CAF3081D78F37700B8A027 /* DashboardModule.swift in Sources */ = {isa = PBXBuildFile; fileRef = 40CAF3071D78F37700B8A027 /* DashboardModule.swift */; };
		40CE13D91CB3377100847A94 /* NSAttributedString+Trim.swift in Sources */ = {isa = PBXBuildFile; fileRef = 40CE13D81CB3377100847A94 /* NSAttributedString+Trim.swift */; };
		40CFDAB41C344931008FBF9A /* HeightCalculator.swift in Sources */ = {isa = PBXBuildFile; fileRef = 40CFDAB31C344931008FBF9A /* HeightCalculator.swift */; };
		40CFDAB61C34990F008FBF9A /* ReuseIdentifiers.swift in Sources */ = {isa = PBXBuildFile; fileRef = 40CFDAB51C34990F008FBF9A /* ReuseIdentifiers.swift */; };
		40CFDABF1C34BB17008FBF9A /* PostHeightCache.swift in Sources */ = {isa = PBXBuildFile; fileRef = 40CFDABE1C34BB17008FBF9A /* PostHeightCache.swift */; };
		40D374B01CB9F07B008CB51A /* PostContent.swift in Sources */ = {isa = PBXBuildFile; fileRef = 40D374AF1CB9F07B008CB51A /* PostContent.swift */; };
		40DB21251C556195007AD3DD /* FollowedBlogsViewController.swift in Sources */ = {isa = PBXBuildFile; fileRef = 40DB21241C556195007AD3DD /* FollowedBlogsViewController.swift */; };
		40DB21271C5561B7007AD3DD /* FollowedBlogsDataManager.swift in Sources */ = {isa = PBXBuildFile; fileRef = 40DB21261C5561B7007AD3DD /* FollowedBlogsDataManager.swift */; };
		40DB21291C5571FF007AD3DD /* FollowedBlogsTableViewAdapter.swift in Sources */ = {isa = PBXBuildFile; fileRef = 40DB21281C5571FF007AD3DD /* FollowedBlogsTableViewAdapter.swift */; };
		40DF7DB21A7672E900CE3D4C /* VideoTableViewCell.swift in Sources */ = {isa = PBXBuildFile; fileRef = 40DF7DB11A7672E900CE3D4C /* VideoTableViewCell.swift */; };
		40DF7DB41A79919900CE3D4C /* VideoPlayController.swift in Sources */ = {isa = PBXBuildFile; fileRef = 40DF7DB31A79919900CE3D4C /* VideoPlayController.swift */; };
		40E195731D79DB8E0087C4EF /* BlogViewController.swift in Sources */ = {isa = PBXBuildFile; fileRef = 40E195721D79DB8E0087C4EF /* BlogViewController.swift */; };
		40E195751D79DB9D0087C4EF /* BlogPresenter.swift in Sources */ = {isa = PBXBuildFile; fileRef = 40E195741D79DB9D0087C4EF /* BlogPresenter.swift */; };
		40E195771D79DDF70087C4EF /* BlogModule.swift in Sources */ = {isa = PBXBuildFile; fileRef = 40E195761D79DDF70087C4EF /* BlogModule.swift */; };
		40E195791D79DE8B0087C4EF /* Module.swift in Sources */ = {isa = PBXBuildFile; fileRef = 40E195781D79DE8B0087C4EF /* Module.swift */; };
		40E1957C1D79E1A20087C4EF /* LikesViewController.swift in Sources */ = {isa = PBXBuildFile; fileRef = 40E1957B1D79E1A20087C4EF /* LikesViewController.swift */; };
		40E1957E1D79E1AF0087C4EF /* LikesPresenter.swift in Sources */ = {isa = PBXBuildFile; fileRef = 40E1957D1D79E1AF0087C4EF /* LikesPresenter.swift */; };
		40E195801D79E1B50087C4EF /* LikesModule.swift in Sources */ = {isa = PBXBuildFile; fileRef = 40E1957F1D79E1B50087C4EF /* LikesModule.swift */; };
		40E195831D79E3300087C4EF /* TagViewController.swift in Sources */ = {isa = PBXBuildFile; fileRef = 40E195821D79E3300087C4EF /* TagViewController.swift */; };
		40E195851D79E3410087C4EF /* TagPresenter.swift in Sources */ = {isa = PBXBuildFile; fileRef = 40E195841D79E3410087C4EF /* TagPresenter.swift */; };
		40E195871D79E3470087C4EF /* TagModule.swift in Sources */ = {isa = PBXBuildFile; fileRef = 40E195861D79E3470087C4EF /* TagModule.swift */; };
		40E195891D79E7020087C4EF /* PostsTableViewAdapter.swift in Sources */ = {isa = PBXBuildFile; fileRef = 40E195881D79E7020087C4EF /* PostsTableViewAdapter.swift */; };
		40F75A821C31D68800EC86DE /* MainViewController.swift in Sources */ = {isa = PBXBuildFile; fileRef = 40F75A811C31D68800EC86DE /* MainViewController.swift */; };
		40F75A851C31FA4100EC86DE /* HistoryViewController.swift in Sources */ = {isa = PBXBuildFile; fileRef = 40F75A841C31FA4100EC86DE /* HistoryViewController.swift */; };
		40F8CE961A41111300609ABF /* AccountsViewController.swift in Sources */ = {isa = PBXBuildFile; fileRef = 40F8CE951A41111300609ABF /* AccountsViewController.swift */; };
		40F8CE9A1A41143000609ABF /* AccountsService.swift in Sources */ = {isa = PBXBuildFile; fileRef = 40F8CE991A41143000609ABF /* AccountsService.swift */; };
		40F9F4041CB1DA8200989D5B /* PostTrailData.swift in Sources */ = {isa = PBXBuildFile; fileRef = 40F9F4031CB1DA8200989D5B /* PostTrailData.swift */; };
		40FF6D4319B940C6008119A3 /* UserBlog.swift in Sources */ = {isa = PBXBuildFile; fileRef = 40FF6D4219B940C6008119A3 /* UserBlog.swift */; };
/* End PBXBuildFile section */

/* Begin PBXContainerItemProxy section */
		4050699119AA76BD0066ECE3 /* PBXContainerItemProxy */ = {
			isa = PBXContainerItemProxy;
			containerPortal = 4050697319AA76BD0066ECE3 /* Project object */;
			proxyType = 1;
			remoteGlobalIDString = 4050697A19AA76BD0066ECE3;
			remoteInfo = Highball;
		};
/* End PBXContainerItemProxy section */

/* Begin PBXFileReference section */
		40080E8D1A0F042B00D883AE /* SettingsViewController.swift */ = {isa = PBXFileReference; fileEncoding = 4; lastKnownFileType = sourcecode.swift; path = SettingsViewController.swift; sourceTree = "<group>"; };
		40080E8F1A0F11DD00D883AE /* LockSplashViewController.swift */ = {isa = PBXFileReference; fileEncoding = 4; lastKnownFileType = sourcecode.swift; path = LockSplashViewController.swift; sourceTree = "<group>"; };
		4008591A1B7EBA05009DF207 /* NSDate+Relative.swift */ = {isa = PBXFileReference; fileEncoding = 4; lastKnownFileType = sourcecode.swift; path = "NSDate+Relative.swift"; sourceTree = "<group>"; };
		400FE01219B6A33200F72C3C /* libPods.a */ = {isa = PBXFileReference; lastKnownFileType = archive.ar; name = libPods.a; path = "Pods/build/Debug-iphoneos/libPods.a"; sourceTree = "<group>"; };
		402033581A6C785400BA136C /* AnimatedImageCache.swift */ = {isa = PBXFileReference; fileEncoding = 4; lastKnownFileType = sourcecode.swift; path = AnimatedImageCache.swift; sourceTree = "<group>"; };
		402A20951A3D2C510007CCFF /* TitleTableViewCell.swift */ = {isa = PBXFileReference; fileEncoding = 4; lastKnownFileType = sourcecode.swift; path = TitleTableViewCell.swift; sourceTree = "<group>"; };
		403040DF1C37211A001EFC9E /* PhotosetLayoutRows.swift */ = {isa = PBXFileReference; fileEncoding = 4; lastKnownFileType = sourcecode.swift; path = PhotosetLayoutRows.swift; sourceTree = "<group>"; };
		403040E41C373D66001EFC9E /* PostViewHeightCalculator.swift */ = {isa = PBXFileReference; fileEncoding = 4; lastKnownFileType = sourcecode.swift; path = PostViewHeightCalculator.swift; sourceTree = "<group>"; };
		403040E81C388775001EFC9E /* PostSectionAdapter.swift */ = {isa = PBXFileReference; fileEncoding = 4; lastKnownFileType = sourcecode.swift; path = PostSectionAdapter.swift; sourceTree = "<group>"; };
		403040EA1C388F91001EFC9E /* PostHeaderView.swift */ = {isa = PBXFileReference; fileEncoding = 4; lastKnownFileType = sourcecode.swift; path = PostHeaderView.swift; sourceTree = "<group>"; };
		40381A0A1A79A6FA005A2EEE /* YoutubeTableViewCell.swift */ = {isa = PBXFileReference; fileEncoding = 4; lastKnownFileType = sourcecode.swift; path = YoutubeTableViewCell.swift; sourceTree = "<group>"; };
		403F53DA19AECFEF00FF8F3B /* PhotosetRowTableViewCell.swift */ = {isa = PBXFileReference; fileEncoding = 4; lastKnownFileType = sourcecode.swift; path = PhotosetRowTableViewCell.swift; sourceTree = "<group>"; };
		403F53DC19AFB5DF00FF8F3B /* ContentTableViewCell.swift */ = {isa = PBXFileReference; fileEncoding = 4; lastKnownFileType = sourcecode.swift; path = ContentTableViewCell.swift; sourceTree = "<group>"; };
		403F53DE19AFCEB800FF8F3B /* String+HTML.swift */ = {isa = PBXFileReference; fileEncoding = 4; lastKnownFileType = sourcecode.swift; path = "String+HTML.swift"; sourceTree = "<group>"; };
		4047A6411EEDA8AD006300A9 /* PostActionsTableViewCell.swift */ = {isa = PBXFileReference; lastKnownFileType = sourcecode.swift; path = PostActionsTableViewCell.swift; sourceTree = "<group>"; };
		4050697B19AA76BD0066ECE3 /* Highball.app */ = {isa = PBXFileReference; explicitFileType = wrapper.application; includeInIndex = 0; path = Highball.app; sourceTree = BUILT_PRODUCTS_DIR; };
		4050697F19AA76BD0066ECE3 /* Info.plist */ = {isa = PBXFileReference; lastKnownFileType = text.plist.xml; path = Info.plist; sourceTree = "<group>"; };
		4050698019AA76BD0066ECE3 /* AppDelegate.swift */ = {isa = PBXFileReference; lastKnownFileType = sourcecode.swift; path = AppDelegate.swift; sourceTree = "<group>"; };
		4050698A19AA76BD0066ECE3 /* Images.xcassets */ = {isa = PBXFileReference; lastKnownFileType = folder.assetcatalog; path = Images.xcassets; sourceTree = "<group>"; };
		4050699019AA76BD0066ECE3 /* HighballTests.xctest */ = {isa = PBXFileReference; explicitFileType = wrapper.cfbundle; includeInIndex = 0; path = HighballTests.xctest; sourceTree = BUILT_PRODUCTS_DIR; };
		4050699519AA76BD0066ECE3 /* Info.plist */ = {isa = PBXFileReference; lastKnownFileType = text.plist.xml; path = Info.plist; sourceTree = "<group>"; };
		4050699619AA76BD0066ECE3 /* HighballTests.swift */ = {isa = PBXFileReference; lastKnownFileType = sourcecode.swift; path = HighballTests.swift; sourceTree = "<group>"; };
		405069A019AA77E80066ECE3 /* Highball-Bridging-Header.h */ = {isa = PBXFileReference; fileEncoding = 4; lastKnownFileType = sourcecode.c.h; path = "Highball-Bridging-Header.h"; sourceTree = "<group>"; };
		406690641A5A17A1006345B0 /* TagsTableViewCell.swift */ = {isa = PBXFileReference; fileEncoding = 4; lastKnownFileType = sourcecode.swift; path = TagsTableViewCell.swift; sourceTree = "<group>"; };
		406F38EE1D7514520046CE1D /* Account.swift */ = {isa = PBXFileReference; fileEncoding = 4; lastKnownFileType = sourcecode.swift; path = Account.swift; sourceTree = "<group>"; };
		406F38F21D751F2E0046CE1D /* Blog.swift */ = {isa = PBXFileReference; fileEncoding = 4; lastKnownFileType = sourcecode.swift; path = Blog.swift; sourceTree = "<group>"; };
		40778B9B19B15F9C00F8EE13 /* Post.swift */ = {isa = PBXFileReference; fileEncoding = 4; lastKnownFileType = sourcecode.swift; path = Post.swift; sourceTree = "<group>"; };
		40778B9D19B160DD00F8EE13 /* PostPhoto.swift */ = {isa = PBXFileReference; fileEncoding = 4; lastKnownFileType = sourcecode.swift; path = PostPhoto.swift; sourceTree = "<group>"; };
		40778BA919B24BA500F8EE13 /* PostQuestionTableViewCell.swift */ = {isa = PBXFileReference; fileEncoding = 4; lastKnownFileType = sourcecode.swift; path = PostQuestionTableViewCell.swift; sourceTree = "<group>"; };
		408C7D1E19B36F7400EFC410 /* PostLinkTableViewCell.swift */ = {isa = PBXFileReference; fileEncoding = 4; lastKnownFileType = sourcecode.swift; path = PostLinkTableViewCell.swift; sourceTree = "<group>"; };
		408C7D2019B384C800EFC410 /* PostDialogueEntry.swift */ = {isa = PBXFileReference; fileEncoding = 4; lastKnownFileType = sourcecode.swift; path = PostDialogueEntry.swift; sourceTree = "<group>"; };
		408C7D2219B387A500EFC410 /* PostDialogueEntryTableViewCell.swift */ = {isa = PBXFileReference; fileEncoding = 4; lastKnownFileType = sourcecode.swift; path = PostDialogueEntryTableViewCell.swift; sourceTree = "<group>"; };
		408D5B6D1B7D6AA300C787FA /* Launch Screen.xib */ = {isa = PBXFileReference; fileEncoding = 4; lastKnownFileType = file.xib; path = "Launch Screen.xib"; sourceTree = "<group>"; };
		408FE2BA1EECB2AC000E3110 /* DataActivityItemSource.swift */ = {isa = PBXFileReference; fileEncoding = 4; lastKnownFileType = sourcecode.swift; path = DataActivityItemSource.swift; sourceTree = "<group>"; };
		408FE2BE1EECF05B000E3110 /* LikesFiltersViewController.swift */ = {isa = PBXFileReference; fileEncoding = 4; lastKnownFileType = sourcecode.swift; path = LikesFiltersViewController.swift; sourceTree = "<group>"; };
		409030C71C306C42008E786F /* Main.storyboard */ = {isa = PBXFileReference; fileEncoding = 4; lastKnownFileType = file.storyboard; path = Main.storyboard; sourceTree = "<group>"; };
		409D00E51B27522E0097C2EC /* Cartography.framework */ = {isa = PBXFileReference; lastKnownFileType = wrapper.framework; name = Cartography.framework; path = Carthage/Build/iOS/Cartography.framework; sourceTree = "<group>"; };
		409D00E61B27522E0097C2EC /* SwiftyJSON.framework */ = {isa = PBXFileReference; lastKnownFileType = wrapper.framework; name = SwiftyJSON.framework; path = Carthage/Build/iOS/SwiftyJSON.framework; sourceTree = "<group>"; };
		40A11E6719B518DD00B91843 /* ImagesViewController.swift */ = {isa = PBXFileReference; fileEncoding = 4; lastKnownFileType = sourcecode.swift; path = ImagesViewController.swift; sourceTree = "<group>"; };
		40A11E6A19B51FF700B91843 /* ImageCollectionViewCell.swift */ = {isa = PBXFileReference; fileEncoding = 4; lastKnownFileType = sourcecode.swift; path = ImageCollectionViewCell.swift; sourceTree = "<group>"; };
		40CAF2F61D78CDB600B8A027 /* PostVideo.swift */ = {isa = PBXFileReference; fileEncoding = 4; lastKnownFileType = sourcecode.swift; path = PostVideo.swift; sourceTree = "<group>"; };
		40CAF2FB1D78ECFC00B8A027 /* DashboardViewController.swift */ = {isa = PBXFileReference; fileEncoding = 4; lastKnownFileType = sourcecode.swift; path = DashboardViewController.swift; sourceTree = "<group>"; };
		40CAF2FD1D78ED2300B8A027 /* PostsViewController.swift */ = {isa = PBXFileReference; fileEncoding = 4; lastKnownFileType = sourcecode.swift; path = PostsViewController.swift; sourceTree = "<group>"; };
		40CAF2FF1D78EDA900B8A027 /* PostsPresenter.swift */ = {isa = PBXFileReference; fileEncoding = 4; lastKnownFileType = sourcecode.swift; path = PostsPresenter.swift; sourceTree = "<group>"; };
		40CAF3011D78EDCF00B8A027 /* PostsDataManager.swift */ = {isa = PBXFileReference; fileEncoding = 4; lastKnownFileType = sourcecode.swift; path = PostsDataManager.swift; sourceTree = "<group>"; };
		40CAF3031D78EEAC00B8A027 /* DashboardPresenter.swift */ = {isa = PBXFileReference; fileEncoding = 4; lastKnownFileType = sourcecode.swift; path = DashboardPresenter.swift; sourceTree = "<group>"; };
		40CAF3071D78F37700B8A027 /* DashboardModule.swift */ = {isa = PBXFileReference; fileEncoding = 4; lastKnownFileType = sourcecode.swift; path = DashboardModule.swift; sourceTree = "<group>"; };
		40CE13D81CB3377100847A94 /* NSAttributedString+Trim.swift */ = {isa = PBXFileReference; fileEncoding = 4; lastKnownFileType = sourcecode.swift; path = "NSAttributedString+Trim.swift"; sourceTree = "<group>"; };
		40CFDAB31C344931008FBF9A /* HeightCalculator.swift */ = {isa = PBXFileReference; fileEncoding = 4; lastKnownFileType = sourcecode.swift; path = HeightCalculator.swift; sourceTree = "<group>"; };
		40CFDAB51C34990F008FBF9A /* ReuseIdentifiers.swift */ = {isa = PBXFileReference; fileEncoding = 4; lastKnownFileType = sourcecode.swift; path = ReuseIdentifiers.swift; sourceTree = "<group>"; };
		40CFDABE1C34BB17008FBF9A /* PostHeightCache.swift */ = {isa = PBXFileReference; fileEncoding = 4; lastKnownFileType = sourcecode.swift; path = PostHeightCache.swift; sourceTree = "<group>"; };
		40D374AF1CB9F07B008CB51A /* PostContent.swift */ = {isa = PBXFileReference; fileEncoding = 4; lastKnownFileType = sourcecode.swift; path = PostContent.swift; sourceTree = "<group>"; };
		40DB21241C556195007AD3DD /* FollowedBlogsViewController.swift */ = {isa = PBXFileReference; fileEncoding = 4; lastKnownFileType = sourcecode.swift; path = FollowedBlogsViewController.swift; sourceTree = "<group>"; };
		40DB21261C5561B7007AD3DD /* FollowedBlogsDataManager.swift */ = {isa = PBXFileReference; fileEncoding = 4; lastKnownFileType = sourcecode.swift; path = FollowedBlogsDataManager.swift; sourceTree = "<group>"; };
		40DB21281C5571FF007AD3DD /* FollowedBlogsTableViewAdapter.swift */ = {isa = PBXFileReference; fileEncoding = 4; lastKnownFileType = sourcecode.swift; path = FollowedBlogsTableViewAdapter.swift; sourceTree = "<group>"; };
		40DF7DB11A7672E900CE3D4C /* VideoTableViewCell.swift */ = {isa = PBXFileReference; fileEncoding = 4; lastKnownFileType = sourcecode.swift; path = VideoTableViewCell.swift; sourceTree = "<group>"; };
		40DF7DB31A79919900CE3D4C /* VideoPlayController.swift */ = {isa = PBXFileReference; fileEncoding = 4; lastKnownFileType = sourcecode.swift; path = VideoPlayController.swift; sourceTree = "<group>"; };
		40E195721D79DB8E0087C4EF /* BlogViewController.swift */ = {isa = PBXFileReference; fileEncoding = 4; lastKnownFileType = sourcecode.swift; path = BlogViewController.swift; sourceTree = "<group>"; };
		40E195741D79DB9D0087C4EF /* BlogPresenter.swift */ = {isa = PBXFileReference; fileEncoding = 4; lastKnownFileType = sourcecode.swift; path = BlogPresenter.swift; sourceTree = "<group>"; };
		40E195761D79DDF70087C4EF /* BlogModule.swift */ = {isa = PBXFileReference; fileEncoding = 4; lastKnownFileType = sourcecode.swift; path = BlogModule.swift; sourceTree = "<group>"; };
		40E195781D79DE8B0087C4EF /* Module.swift */ = {isa = PBXFileReference; fileEncoding = 4; lastKnownFileType = sourcecode.swift; path = Module.swift; sourceTree = "<group>"; };
		40E1957B1D79E1A20087C4EF /* LikesViewController.swift */ = {isa = PBXFileReference; fileEncoding = 4; lastKnownFileType = sourcecode.swift; path = LikesViewController.swift; sourceTree = "<group>"; };
		40E1957D1D79E1AF0087C4EF /* LikesPresenter.swift */ = {isa = PBXFileReference; fileEncoding = 4; lastKnownFileType = sourcecode.swift; path = LikesPresenter.swift; sourceTree = "<group>"; };
		40E1957F1D79E1B50087C4EF /* LikesModule.swift */ = {isa = PBXFileReference; fileEncoding = 4; lastKnownFileType = sourcecode.swift; path = LikesModule.swift; sourceTree = "<group>"; };
		40E195821D79E3300087C4EF /* TagViewController.swift */ = {isa = PBXFileReference; fileEncoding = 4; lastKnownFileType = sourcecode.swift; path = TagViewController.swift; sourceTree = "<group>"; };
		40E195841D79E3410087C4EF /* TagPresenter.swift */ = {isa = PBXFileReference; fileEncoding = 4; lastKnownFileType = sourcecode.swift; path = TagPresenter.swift; sourceTree = "<group>"; };
		40E195861D79E3470087C4EF /* TagModule.swift */ = {isa = PBXFileReference; fileEncoding = 4; lastKnownFileType = sourcecode.swift; path = TagModule.swift; sourceTree = "<group>"; };
		40E195881D79E7020087C4EF /* PostsTableViewAdapter.swift */ = {isa = PBXFileReference; fileEncoding = 4; lastKnownFileType = sourcecode.swift; path = PostsTableViewAdapter.swift; sourceTree = "<group>"; };
		40F75A811C31D68800EC86DE /* MainViewController.swift */ = {isa = PBXFileReference; fileEncoding = 4; lastKnownFileType = sourcecode.swift; path = MainViewController.swift; sourceTree = "<group>"; };
		40F75A841C31FA4100EC86DE /* HistoryViewController.swift */ = {isa = PBXFileReference; fileEncoding = 4; lastKnownFileType = sourcecode.swift; path = HistoryViewController.swift; sourceTree = "<group>"; };
		40F8CE951A41111300609ABF /* AccountsViewController.swift */ = {isa = PBXFileReference; fileEncoding = 4; lastKnownFileType = sourcecode.swift; path = AccountsViewController.swift; sourceTree = "<group>"; };
		40F8CE991A41143000609ABF /* AccountsService.swift */ = {isa = PBXFileReference; fileEncoding = 4; lastKnownFileType = sourcecode.swift; path = AccountsService.swift; sourceTree = "<group>"; };
		40F9F4031CB1DA8200989D5B /* PostTrailData.swift */ = {isa = PBXFileReference; fileEncoding = 4; lastKnownFileType = sourcecode.swift; path = PostTrailData.swift; sourceTree = "<group>"; };
		40FF6D4219B940C6008119A3 /* UserBlog.swift */ = {isa = PBXFileReference; fileEncoding = 4; lastKnownFileType = sourcecode.swift; path = UserBlog.swift; sourceTree = "<group>"; };
		440C4C4D5E0A7451B7FA466E /* Pods.framework */ = {isa = PBXFileReference; explicitFileType = wrapper.framework; includeInIndex = 0; path = Pods.framework; sourceTree = BUILT_PRODUCTS_DIR; };
		5EC024F7DABBCBE3005FA9BF /* Pods-Highball.release.xcconfig */ = {isa = PBXFileReference; includeInIndex = 1; lastKnownFileType = text.xcconfig; name = "Pods-Highball.release.xcconfig"; path = "Pods/Target Support Files/Pods-Highball/Pods-Highball.release.xcconfig"; sourceTree = "<group>"; };
		B2FB0DEC6CD5A44B45F1B67E /* Pods-Highball.debug.xcconfig */ = {isa = PBXFileReference; includeInIndex = 1; lastKnownFileType = text.xcconfig; name = "Pods-Highball.debug.xcconfig"; path = "Pods/Target Support Files/Pods-Highball/Pods-Highball.debug.xcconfig"; sourceTree = "<group>"; };
		F41EA2CF4E034DA6CCF1BAFC /* Pods_Highball.framework */ = {isa = PBXFileReference; explicitFileType = wrapper.framework; includeInIndex = 0; path = Pods_Highball.framework; sourceTree = BUILT_PRODUCTS_DIR; };
/* End PBXFileReference section */

/* Begin PBXFrameworksBuildPhase section */
		4050697819AA76BD0066ECE3 /* Frameworks */ = {
			isa = PBXFrameworksBuildPhase;
			buildActionMask = 2147483647;
			files = (
				409D00EB1B28BF5F0097C2EC /* SwiftyJSON.framework in Frameworks */,
				409D00E91B28BF5F0097C2EC /* Cartography.framework in Frameworks */,
				333A7A24B331EAE2DE268EDE /* Pods_Highball.framework in Frameworks */,
			);
			runOnlyForDeploymentPostprocessing = 0;
		};
		4050698D19AA76BD0066ECE3 /* Frameworks */ = {
			isa = PBXFrameworksBuildPhase;
			buildActionMask = 2147483647;
			files = (
			);
			runOnlyForDeploymentPostprocessing = 0;
		};
/* End PBXFrameworksBuildPhase section */

/* Begin PBXGroup section */
		364598ABDD42D4AD439F13B3 /* Pods */ = {
			isa = PBXGroup;
			children = (
				B2FB0DEC6CD5A44B45F1B67E /* Pods-Highball.debug.xcconfig */,
				5EC024F7DABBCBE3005FA9BF /* Pods-Highball.release.xcconfig */,
			);
			name = Pods;
			sourceTree = "<group>";
		};
		400859191B7EB9EB009DF207 /* Extensions */ = {
			isa = PBXGroup;
			children = (
				403F53DE19AFCEB800FF8F3B /* String+HTML.swift */,
				4008591A1B7EBA05009DF207 /* NSDate+Relative.swift */,
				40CFDAB51C34990F008FBF9A /* ReuseIdentifiers.swift */,
				40CE13D81CB3377100847A94 /* NSAttributedString+Trim.swift */,
			);
			name = Extensions;
			sourceTree = "<group>";
		};
		403040E11C37250D001EFC9E /* Post */ = {
			isa = PBXGroup;
			children = (
				40A11E6719B518DD00B91843 /* ImagesViewController.swift */,
				403040E41C373D66001EFC9E /* PostViewHeightCalculator.swift */,
				403040E81C388775001EFC9E /* PostSectionAdapter.swift */,
			);
			name = Post;
			sourceTree = "<group>";
		};
		4048DF7819AAB597000524F7 /* Views */ = {
			isa = PBXGroup;
			children = (
				403040EA1C388F91001EFC9E /* PostHeaderView.swift */,
				40DF7DB11A7672E900CE3D4C /* VideoTableViewCell.swift */,
				403F53DA19AECFEF00FF8F3B /* PhotosetRowTableViewCell.swift */,
				403F53DC19AFB5DF00FF8F3B /* ContentTableViewCell.swift */,
				40778BA919B24BA500F8EE13 /* PostQuestionTableViewCell.swift */,
				408C7D1E19B36F7400EFC410 /* PostLinkTableViewCell.swift */,
				408C7D2219B387A500EFC410 /* PostDialogueEntryTableViewCell.swift */,
				40A11E6A19B51FF700B91843 /* ImageCollectionViewCell.swift */,
				402A20951A3D2C510007CCFF /* TitleTableViewCell.swift */,
				406690641A5A17A1006345B0 /* TagsTableViewCell.swift */,
				40381A0A1A79A6FA005A2EEE /* YoutubeTableViewCell.swift */,
				4047A6411EEDA8AD006300A9 /* PostActionsTableViewCell.swift */,
			);
			name = Views;
			sourceTree = "<group>";
		};
		4050697219AA76BD0066ECE3 = {
			isa = PBXGroup;
			children = (
				4050697D19AA76BD0066ECE3 /* Highball */,
				4050699319AA76BD0066ECE3 /* HighballTests */,
				4050697C19AA76BD0066ECE3 /* Products */,
				A3D296309A504A00AFFABE53 /* Frameworks */,
				364598ABDD42D4AD439F13B3 /* Pods */,
			);
			sourceTree = "<group>";
			usesTabs = 1;
		};
		4050697C19AA76BD0066ECE3 /* Products */ = {
			isa = PBXGroup;
			children = (
				4050697B19AA76BD0066ECE3 /* Highball.app */,
				4050699019AA76BD0066ECE3 /* HighballTests.xctest */,
			);
			name = Products;
			sourceTree = "<group>";
		};
		4050697D19AA76BD0066ECE3 /* Highball */ = {
			isa = PBXGroup;
			children = (
				40CAF2F81D78EC2B00B8A027 /* Modules */,
				400859191B7EB9EB009DF207 /* Extensions */,
				40A11E6619B518B500B91843 /* Controllers */,
				40778B9A19B15F7D00F8EE13 /* Models */,
				4048DF7819AAB597000524F7 /* Views */,
				4050698019AA76BD0066ECE3 /* AppDelegate.swift */,
				4050698A19AA76BD0066ECE3 /* Images.xcassets */,
				409030C71C306C42008E786F /* Main.storyboard */,
				408D5B6D1B7D6AA300C787FA /* Launch Screen.xib */,
				4050697E19AA76BD0066ECE3 /* Supporting Files */,
				405069A019AA77E80066ECE3 /* Highball-Bridging-Header.h */,
			);
			path = Highball;
			sourceTree = "<group>";
		};
		4050697E19AA76BD0066ECE3 /* Supporting Files */ = {
			isa = PBXGroup;
			children = (
				4050697F19AA76BD0066ECE3 /* Info.plist */,
			);
			name = "Supporting Files";
			sourceTree = "<group>";
		};
		4050699319AA76BD0066ECE3 /* HighballTests */ = {
			isa = PBXGroup;
			children = (
				4050699619AA76BD0066ECE3 /* HighballTests.swift */,
				4050699419AA76BD0066ECE3 /* Supporting Files */,
			);
			path = HighballTests;
			sourceTree = "<group>";
		};
		4050699419AA76BD0066ECE3 /* Supporting Files */ = {
			isa = PBXGroup;
			children = (
				4050699519AA76BD0066ECE3 /* Info.plist */,
			);
			name = "Supporting Files";
			sourceTree = "<group>";
		};
		40778B9A19B15F7D00F8EE13 /* Models */ = {
			isa = PBXGroup;
			children = (
				406F38EE1D7514520046CE1D /* Account.swift */,
				40F8CE991A41143000609ABF /* AccountsService.swift */,
				402033581A6C785400BA136C /* AnimatedImageCache.swift */,
				406F38F21D751F2E0046CE1D /* Blog.swift */,
				40CFDAB31C344931008FBF9A /* HeightCalculator.swift */,
				403040DF1C37211A001EFC9E /* PhotosetLayoutRows.swift */,
				40778B9B19B15F9C00F8EE13 /* Post.swift */,
				40D374AF1CB9F07B008CB51A /* PostContent.swift */,
				408C7D2019B384C800EFC410 /* PostDialogueEntry.swift */,
				40CFDABE1C34BB17008FBF9A /* PostHeightCache.swift */,
				40778B9D19B160DD00F8EE13 /* PostPhoto.swift */,
				40F9F4031CB1DA8200989D5B /* PostTrailData.swift */,
				40CAF2F61D78CDB600B8A027 /* PostVideo.swift */,
				40FF6D4219B940C6008119A3 /* UserBlog.swift */,
				408FE2BA1EECB2AC000E3110 /* DataActivityItemSource.swift */,
			);
			name = Models;
			sourceTree = "<group>";
		};
		40A11E6619B518B500B91843 /* Controllers */ = {
			isa = PBXGroup;
			children = (
				40DB21231C556156007AD3DD /* Blogs */,
				403040E11C37250D001EFC9E /* Post */,
				40080E8D1A0F042B00D883AE /* SettingsViewController.swift */,
				40080E8F1A0F11DD00D883AE /* LockSplashViewController.swift */,
				40F8CE951A41111300609ABF /* AccountsViewController.swift */,
				40DF7DB31A79919900CE3D4C /* VideoPlayController.swift */,
				40F75A811C31D68800EC86DE /* MainViewController.swift */,
				40F75A841C31FA4100EC86DE /* HistoryViewController.swift */,
				408FE2BE1EECF05B000E3110 /* LikesFiltersViewController.swift */,
			);
			name = Controllers;
			sourceTree = "<group>";
		};
		40CAF2F81D78EC2B00B8A027 /* Modules */ = {
			isa = PBXGroup;
			children = (
				40CAF2F91D78EC6500B8A027 /* Posts */,
				40E195781D79DE8B0087C4EF /* Module.swift */,
			);
			path = Modules;
			sourceTree = "<group>";
		};
		40CAF2F91D78EC6500B8A027 /* Posts */ = {
			isa = PBXGroup;
			children = (
				40CAF3011D78EDCF00B8A027 /* PostsDataManager.swift */,
				40CAF2FF1D78EDA900B8A027 /* PostsPresenter.swift */,
				40E195881D79E7020087C4EF /* PostsTableViewAdapter.swift */,
				40CAF2FD1D78ED2300B8A027 /* PostsViewController.swift */,
				40E195711D79DB460087C4EF /* Blog */,
				40CAF2FA1D78EC7700B8A027 /* Dashboard */,
				40E1957A1D79E15D0087C4EF /* Likes */,
				40E195811D79E30C0087C4EF /* Tag */,
			);
			path = Posts;
			sourceTree = "<group>";
		};
		40CAF2FA1D78EC7700B8A027 /* Dashboard */ = {
			isa = PBXGroup;
			children = (
				40CAF3071D78F37700B8A027 /* DashboardModule.swift */,
				40CAF3031D78EEAC00B8A027 /* DashboardPresenter.swift */,
				40CAF2FB1D78ECFC00B8A027 /* DashboardViewController.swift */,
			);
			path = Dashboard;
			sourceTree = "<group>";
		};
		40DB21231C556156007AD3DD /* Blogs */ = {
			isa = PBXGroup;
			children = (
				40DB21241C556195007AD3DD /* FollowedBlogsViewController.swift */,
				40DB21261C5561B7007AD3DD /* FollowedBlogsDataManager.swift */,
				40DB21281C5571FF007AD3DD /* FollowedBlogsTableViewAdapter.swift */,
			);
			name = Blogs;
			sourceTree = "<group>";
		};
		40E195711D79DB460087C4EF /* Blog */ = {
			isa = PBXGroup;
			children = (
				40E195761D79DDF70087C4EF /* BlogModule.swift */,
				40E195741D79DB9D0087C4EF /* BlogPresenter.swift */,
				40E195721D79DB8E0087C4EF /* BlogViewController.swift */,
			);
			path = Blog;
			sourceTree = "<group>";
		};
		40E1957A1D79E15D0087C4EF /* Likes */ = {
			isa = PBXGroup;
			children = (
				40E1957F1D79E1B50087C4EF /* LikesModule.swift */,
				40E1957D1D79E1AF0087C4EF /* LikesPresenter.swift */,
				40E1957B1D79E1A20087C4EF /* LikesViewController.swift */,
			);
			path = Likes;
			sourceTree = "<group>";
		};
		40E195811D79E30C0087C4EF /* Tag */ = {
			isa = PBXGroup;
			children = (
				40E195861D79E3470087C4EF /* TagModule.swift */,
				40E195841D79E3410087C4EF /* TagPresenter.swift */,
				40E195821D79E3300087C4EF /* TagViewController.swift */,
			);
			path = Tag;
			sourceTree = "<group>";
		};
		A3D296309A504A00AFFABE53 /* Frameworks */ = {
			isa = PBXGroup;
			children = (
				409D00E51B27522E0097C2EC /* Cartography.framework */,
				409D00E61B27522E0097C2EC /* SwiftyJSON.framework */,
				400FE01219B6A33200F72C3C /* libPods.a */,
				440C4C4D5E0A7451B7FA466E /* Pods.framework */,
				F41EA2CF4E034DA6CCF1BAFC /* Pods_Highball.framework */,
			);
			name = Frameworks;
			sourceTree = "<group>";
		};
/* End PBXGroup section */

/* Begin PBXNativeTarget section */
		4050697A19AA76BD0066ECE3 /* Highball */ = {
			isa = PBXNativeTarget;
			buildConfigurationList = 4050699A19AA76BD0066ECE3 /* Build configuration list for PBXNativeTarget "Highball" */;
			buildPhases = (
				AF23FBDE1313EF60F80F9ACC /* [CP] Check Pods Manifest.lock */,
				40CFDABB1C34AFA6008FBF9A /* ShellScript */,
				40A11E5E19B4CBA500B91843 /* ShellScript */,
				4050697719AA76BD0066ECE3 /* Sources */,
				4050697819AA76BD0066ECE3 /* Frameworks */,
				4050697919AA76BD0066ECE3 /* Resources */,
				40A11E6519B4D97800B91843 /* Run Script */,
				609937D854C51302751484C6 /* [CP] Embed Pods Frameworks */,
				EEB2CFC028303143C112A93D /* [CP] Copy Pods Resources */,
				40D2533A1CAB646D00C028CE /* ShellScript */,
			);
			buildRules = (
			);
			dependencies = (
			);
			name = Highball;
			productName = Highball;
			productReference = 4050697B19AA76BD0066ECE3 /* Highball.app */;
			productType = "com.apple.product-type.application";
		};
		4050698F19AA76BD0066ECE3 /* HighballTests */ = {
			isa = PBXNativeTarget;
			buildConfigurationList = 4050699D19AA76BD0066ECE3 /* Build configuration list for PBXNativeTarget "HighballTests" */;
			buildPhases = (
				4050698C19AA76BD0066ECE3 /* Sources */,
				4050698D19AA76BD0066ECE3 /* Frameworks */,
				4050698E19AA76BD0066ECE3 /* Resources */,
			);
			buildRules = (
			);
			dependencies = (
				4050699219AA76BD0066ECE3 /* PBXTargetDependency */,
			);
			name = HighballTests;
			productName = HighballTests;
			productReference = 4050699019AA76BD0066ECE3 /* HighballTests.xctest */;
			productType = "com.apple.product-type.bundle.unit-test";
		};
/* End PBXNativeTarget section */

/* Begin PBXProject section */
		4050697319AA76BD0066ECE3 /* Project object */ = {
			isa = PBXProject;
			attributes = {
				LastSwiftUpdateCheck = 0720;
				LastUpgradeCheck = 0900;
				ORGANIZATIONNAME = ianynda;
				TargetAttributes = {
					4050697A19AA76BD0066ECE3 = {
						CreatedOnToolsVersion = 6.0;
						DevelopmentTeam = 82P2XLB4UH;
						LastSwiftMigration = 0800;
						ProvisioningStyle = Automatic;
					};
					4050698F19AA76BD0066ECE3 = {
						CreatedOnToolsVersion = 6.0;
						LastSwiftMigration = 0800;
						TestTargetID = 4050697A19AA76BD0066ECE3;
					};
				};
			};
			buildConfigurationList = 4050697619AA76BD0066ECE3 /* Build configuration list for PBXProject "Highball" */;
			compatibilityVersion = "Xcode 3.2";
			developmentRegion = English;
			hasScannedForEncodings = 0;
			knownRegions = (
				en,
				Base,
			);
			mainGroup = 4050697219AA76BD0066ECE3;
			productRefGroup = 4050697C19AA76BD0066ECE3 /* Products */;
			projectDirPath = "";
			projectRoot = "";
			targets = (
				4050697A19AA76BD0066ECE3 /* Highball */,
				4050698F19AA76BD0066ECE3 /* HighballTests */,
			);
		};
/* End PBXProject section */

/* Begin PBXResourcesBuildPhase section */
		4050697919AA76BD0066ECE3 /* Resources */ = {
			isa = PBXResourcesBuildPhase;
			buildActionMask = 2147483647;
			files = (
				409030C81C306C42008E786F /* Main.storyboard in Resources */,
				4050698B19AA76BD0066ECE3 /* Images.xcassets in Resources */,
				408D5B6E1B7D6AA300C787FA /* Launch Screen.xib in Resources */,
			);
			runOnlyForDeploymentPostprocessing = 0;
		};
		4050698E19AA76BD0066ECE3 /* Resources */ = {
			isa = PBXResourcesBuildPhase;
			buildActionMask = 2147483647;
			files = (
			);
			runOnlyForDeploymentPostprocessing = 0;
		};
/* End PBXResourcesBuildPhase section */

/* Begin PBXShellScriptBuildPhase section */
		40A11E5E19B4CBA500B91843 /* ShellScript */ = {
			isa = PBXShellScriptBuildPhase;
			buildActionMask = 2147483647;
			files = (
			);
			inputPaths = (
			);
			outputPaths = (
			);
			runOnlyForDeploymentPostprocessing = 0;
			shellPath = /bin/sh;
			shellScript = "source ./bin/CrashlyticsKeys.sh\nif [ -n \"$CRASHLYTICS_API_KEY\" -a -n \"$CRASHLYTICS_APP_KEY\" ]; then\nif [ -n \"/usr/libexec/PlistBuddy -c 'Read :HBCrashlyticsAPIKey' Highball/Info.plist\" ]; then\n    /usr/libexec/PlistBuddy -c \"Add :HBCrashlyticsAPIKey string '$CRASHLYTICS_API_KEY'\" Highball/Info.plist || true\n    /usr/libexec/PlistBuddy -c \"Add :HBCrashlyticsAppKey string '$CRASHLYTICS_APP_KEY'\" Highball/Info.plist || true\n    /usr/libexec/PlistBuddy -c \"Add :Fabric:APIKey string '$CRASHLYTICS_API_KEY'\" Highball/Info.plist || true\nfi\nfi\n";
		};
		40A11E6519B4D97800B91843 /* Run Script */ = {
			isa = PBXShellScriptBuildPhase;
			buildActionMask = 2147483647;
			files = (
			);
			inputPaths = (
			);
			name = "Run Script";
			outputPaths = (
			);
			runOnlyForDeploymentPostprocessing = 0;
			shellPath = /bin/sh;
			shellScript = "source ./bin/CrashlyticsKeys.sh\nif [ -n \"$CRASHLYTICS_API_KEY\" -a -n \"$CRASHLYTICS_APP_KEY\" ]; then\n    \"${PODS_ROOT}/Fabric/run\" $CRASHLYTICS_API_KEY $CRASHLYTICS_APP_KEY\n    /usr/libexec/PlistBuddy -c \"Delete :HBCrashlyticsAPIKey\" Highball/Info.plist\n    /usr/libexec/PlistBuddy -c \"Delete :HBCrashlyticsAppKey\" Highball/Info.plist\n    /usr/libexec/PlistBuddy -c \"Delete :Fabric:APIKey\" Highball/Info.plist\nfi\n";
		};
		40CFDABB1C34AFA6008FBF9A /* ShellScript */ = {
			isa = PBXShellScriptBuildPhase;
			buildActionMask = 2147483647;
			files = (
			);
			inputPaths = (
			);
			outputPaths = (
			);
			runOnlyForDeploymentPostprocessing = 0;
			shellPath = /bin/sh;
			shellScript = "if which swiftlint >/dev/null; then\n    swiftlint autocorrect\n    swiftlint\nelse\n    echo \"SwiftLint does not exist, download from https://github.com/realm/SwiftLint\"\nfi\n";
		};
		40D2533A1CAB646D00C028CE /* ShellScript */ = {
			isa = PBXShellScriptBuildPhase;
			buildActionMask = 2147483647;
			files = (
			);
			inputPaths = (
				"$(SRCROOT)/Carthage/Build/iOS/Cartography.framework",
				"$(SRCROOT)/Carthage/Build/iOS/SwiftyJSON.framework",
			);
			outputPaths = (
			);
			runOnlyForDeploymentPostprocessing = 0;
			shellPath = /bin/sh;
			shellScript = "/usr/local/bin/carthage copy-frameworks\n";
		};
		609937D854C51302751484C6 /* [CP] Embed Pods Frameworks */ = {
			isa = PBXShellScriptBuildPhase;
			buildActionMask = 2147483647;
			files = (
			);
			inputPaths = (
			);
			name = "[CP] Embed Pods Frameworks";
			outputPaths = (
			);
			runOnlyForDeploymentPostprocessing = 0;
			shellPath = /bin/sh;
			shellScript = "\"${SRCROOT}/Pods/Target Support Files/Pods-Highball/Pods-Highball-frameworks.sh\"\n";
			showEnvVarsInLog = 0;
		};
		AF23FBDE1313EF60F80F9ACC /* [CP] Check Pods Manifest.lock */ = {
			isa = PBXShellScriptBuildPhase;
			buildActionMask = 2147483647;
			files = (
			);
			inputPaths = (
			);
			name = "[CP] Check Pods Manifest.lock";
			outputPaths = (
			);
			runOnlyForDeploymentPostprocessing = 0;
			shellPath = /bin/sh;
			shellScript = "diff \"${PODS_ROOT}/../Podfile.lock\" \"${PODS_ROOT}/Manifest.lock\" > /dev/null\nif [ $? != 0 ] ; then\n    # print error to STDERR\n    echo \"error: The sandbox is not in sync with the Podfile.lock. Run 'pod install' or update your CocoaPods installation.\" >&2\n    exit 1\nfi\n";
			showEnvVarsInLog = 0;
		};
		EEB2CFC028303143C112A93D /* [CP] Copy Pods Resources */ = {
			isa = PBXShellScriptBuildPhase;
			buildActionMask = 2147483647;
			files = (
			);
			inputPaths = (
			);
			name = "[CP] Copy Pods Resources";
			outputPaths = (
			);
			runOnlyForDeploymentPostprocessing = 0;
			shellPath = /bin/sh;
			shellScript = "\"${SRCROOT}/Pods/Target Support Files/Pods-Highball/Pods-Highball-resources.sh\"\n";
			showEnvVarsInLog = 0;
		};
/* End PBXShellScriptBuildPhase section */

/* Begin PBXSourcesBuildPhase section */
		4050697719AA76BD0066ECE3 /* Sources */ = {
			isa = PBXSourcesBuildPhase;
			buildActionMask = 2147483647;
			files = (
				40D374B01CB9F07B008CB51A /* PostContent.swift in Sources */,
				40E195851D79E3410087C4EF /* TagPresenter.swift in Sources */,
				40CAF2F71D78CDB600B8A027 /* PostVideo.swift in Sources */,
				40A11E6819B518DD00B91843 /* ImagesViewController.swift in Sources */,
				40CAF3001D78EDA900B8A027 /* PostsPresenter.swift in Sources */,
				408C7D2319B387A500EFC410 /* PostDialogueEntryTableViewCell.swift in Sources */,
				403040E01C37211A001EFC9E /* PhotosetLayoutRows.swift in Sources */,
				40E195831D79E3300087C4EF /* TagViewController.swift in Sources */,
				408FE2BB1EECB2AC000E3110 /* DataActivityItemSource.swift in Sources */,
				40381A0B1A79A6FA005A2EEE /* YoutubeTableViewCell.swift in Sources */,
				403040E51C373D66001EFC9E /* PostViewHeightCalculator.swift in Sources */,
				4047A6421EEDA8AD006300A9 /* PostActionsTableViewCell.swift in Sources */,
				40A11E6B19B51FF700B91843 /* ImageCollectionViewCell.swift in Sources */,
				40080E901A0F11DD00D883AE /* LockSplashViewController.swift in Sources */,
				40E1957C1D79E1A20087C4EF /* LikesViewController.swift in Sources */,
				40CAF3041D78EEAC00B8A027 /* DashboardPresenter.swift in Sources */,
				40E1957E1D79E1AF0087C4EF /* LikesPresenter.swift in Sources */,
				406F38EF1D7514520046CE1D /* Account.swift in Sources */,
				403F53DB19AECFEF00FF8F3B /* PhotosetRowTableViewCell.swift in Sources */,
				40E195771D79DDF70087C4EF /* BlogModule.swift in Sources */,
				40E195891D79E7020087C4EF /* PostsTableViewAdapter.swift in Sources */,
				408C7D2119B384C800EFC410 /* PostDialogueEntry.swift in Sources */,
				4008591B1B7EBA05009DF207 /* NSDate+Relative.swift in Sources */,
				408FE2BF1EECF05B000E3110 /* LikesFiltersViewController.swift in Sources */,
				4050698119AA76BD0066ECE3 /* AppDelegate.swift in Sources */,
				403040E91C388775001EFC9E /* PostSectionAdapter.swift in Sources */,
				40CFDABF1C34BB17008FBF9A /* PostHeightCache.swift in Sources */,
				40E195801D79E1B50087C4EF /* LikesModule.swift in Sources */,
				408C7D1F19B36F7400EFC410 /* PostLinkTableViewCell.swift in Sources */,
				40F9F4041CB1DA8200989D5B /* PostTrailData.swift in Sources */,
				40DF7DB41A79919900CE3D4C /* VideoPlayController.swift in Sources */,
				40CAF3021D78EDCF00B8A027 /* PostsDataManager.swift in Sources */,
				40F8CE9A1A41143000609ABF /* AccountsService.swift in Sources */,
				40F8CE961A41111300609ABF /* AccountsViewController.swift in Sources */,
				40CFDAB41C344931008FBF9A /* HeightCalculator.swift in Sources */,
				403F53DF19AFCEB800FF8F3B /* String+HTML.swift in Sources */,
				406690651A5A17A1006345B0 /* TagsTableViewCell.swift in Sources */,
				40778B9C19B15F9C00F8EE13 /* Post.swift in Sources */,
				40E195731D79DB8E0087C4EF /* BlogViewController.swift in Sources */,
				40080E8E1A0F042B00D883AE /* SettingsViewController.swift in Sources */,
				403040EB1C388F91001EFC9E /* PostHeaderView.swift in Sources */,
				40CAF2FE1D78ED2300B8A027 /* PostsViewController.swift in Sources */,
				40CAF3081D78F37700B8A027 /* DashboardModule.swift in Sources */,
				402A20961A3D2C510007CCFF /* TitleTableViewCell.swift in Sources */,
				40DB21251C556195007AD3DD /* FollowedBlogsViewController.swift in Sources */,
				40F75A851C31FA4100EC86DE /* HistoryViewController.swift in Sources */,
				406F38F31D751F2E0046CE1D /* Blog.swift in Sources */,
				40E195751D79DB9D0087C4EF /* BlogPresenter.swift in Sources */,
				40778B9E19B160DD00F8EE13 /* PostPhoto.swift in Sources */,
				40E195871D79E3470087C4EF /* TagModule.swift in Sources */,
				40DF7DB21A7672E900CE3D4C /* VideoTableViewCell.swift in Sources */,
				40F75A821C31D68800EC86DE /* MainViewController.swift in Sources */,
				40FF6D4319B940C6008119A3 /* UserBlog.swift in Sources */,
				40DB21291C5571FF007AD3DD /* FollowedBlogsTableViewAdapter.swift in Sources */,
				403F53DD19AFB5DF00FF8F3B /* ContentTableViewCell.swift in Sources */,
				40778BAA19B24BA500F8EE13 /* PostQuestionTableViewCell.swift in Sources */,
				40DB21271C5561B7007AD3DD /* FollowedBlogsDataManager.swift in Sources */,
				40E195791D79DE8B0087C4EF /* Module.swift in Sources */,
				40CFDAB61C34990F008FBF9A /* ReuseIdentifiers.swift in Sources */,
				402033591A6C785400BA136C /* AnimatedImageCache.swift in Sources */,
				40CAF2FC1D78ECFC00B8A027 /* DashboardViewController.swift in Sources */,
				40CE13D91CB3377100847A94 /* NSAttributedString+Trim.swift in Sources */,
			);
			runOnlyForDeploymentPostprocessing = 0;
		};
		4050698C19AA76BD0066ECE3 /* Sources */ = {
			isa = PBXSourcesBuildPhase;
			buildActionMask = 2147483647;
			files = (
				4050699719AA76BD0066ECE3 /* HighballTests.swift in Sources */,
			);
			runOnlyForDeploymentPostprocessing = 0;
		};
/* End PBXSourcesBuildPhase section */

/* Begin PBXTargetDependency section */
		4050699219AA76BD0066ECE3 /* PBXTargetDependency */ = {
			isa = PBXTargetDependency;
			target = 4050697A19AA76BD0066ECE3 /* Highball */;
			targetProxy = 4050699119AA76BD0066ECE3 /* PBXContainerItemProxy */;
		};
/* End PBXTargetDependency section */

/* Begin XCBuildConfiguration section */
		4050699819AA76BD0066ECE3 /* Debug */ = {
			isa = XCBuildConfiguration;
			buildSettings = {
				ALWAYS_SEARCH_USER_PATHS = NO;
				CLANG_CXX_LANGUAGE_STANDARD = "gnu++0x";
				CLANG_CXX_LIBRARY = "libc++";
				CLANG_ENABLE_MODULES = YES;
				CLANG_ENABLE_OBJC_ARC = YES;
				CLANG_WARN_BLOCK_CAPTURE_AUTORELEASING = YES;
				CLANG_WARN_BOOL_CONVERSION = YES;
				CLANG_WARN_COMMA = YES;
				CLANG_WARN_CONSTANT_CONVERSION = YES;
				CLANG_WARN_DIRECT_OBJC_ISA_USAGE = YES_ERROR;
				CLANG_WARN_EMPTY_BODY = YES;
				CLANG_WARN_ENUM_CONVERSION = YES;
				CLANG_WARN_INFINITE_RECURSION = YES;
				CLANG_WARN_INT_CONVERSION = YES;
				CLANG_WARN_NON_LITERAL_NULL_CONVERSION = YES;
				CLANG_WARN_OBJC_LITERAL_CONVERSION = YES;
				CLANG_WARN_OBJC_ROOT_CLASS = YES_ERROR;
				CLANG_WARN_RANGE_LOOP_ANALYSIS = YES;
				CLANG_WARN_STRICT_PROTOTYPES = YES;
				CLANG_WARN_SUSPICIOUS_MOVE = YES;
				CLANG_WARN_UNREACHABLE_CODE = YES;
				CLANG_WARN__DUPLICATE_METHOD_MATCH = YES;
				"CODE_SIGN_IDENTITY[sdk=iphoneos*]" = "iPhone Developer";
				COPY_PHASE_STRIP = NO;
				ENABLE_STRICT_OBJC_MSGSEND = YES;
				ENABLE_TESTABILITY = YES;
				GCC_C_LANGUAGE_STANDARD = gnu99;
				GCC_DYNAMIC_NO_PIC = NO;
				GCC_NO_COMMON_BLOCKS = YES;
				GCC_OPTIMIZATION_LEVEL = 0;
				GCC_PREPROCESSOR_DEFINITIONS = (
					"DEBUG=1",
					"$(inherited)",
				);
				GCC_SYMBOLS_PRIVATE_EXTERN = NO;
				GCC_WARN_64_TO_32_BIT_CONVERSION = YES;
				GCC_WARN_ABOUT_RETURN_TYPE = YES_ERROR;
				GCC_WARN_UNDECLARED_SELECTOR = YES;
				GCC_WARN_UNINITIALIZED_AUTOS = YES_AGGRESSIVE;
				GCC_WARN_UNUSED_FUNCTION = YES;
				GCC_WARN_UNUSED_VARIABLE = YES;
				IPHONEOS_DEPLOYMENT_TARGET = 10.0;
				MTL_ENABLE_DEBUG_INFO = YES;
				ONLY_ACTIVE_ARCH = YES;
				SDKROOT = iphoneos;
				SWIFT_OPTIMIZATION_LEVEL = "-Onone";
				TARGETED_DEVICE_FAMILY = "1,2";
			};
			name = Debug;
		};
		4050699919AA76BD0066ECE3 /* Release */ = {
			isa = XCBuildConfiguration;
			buildSettings = {
				ALWAYS_SEARCH_USER_PATHS = NO;
				CLANG_CXX_LANGUAGE_STANDARD = "gnu++0x";
				CLANG_CXX_LIBRARY = "libc++";
				CLANG_ENABLE_MODULES = YES;
				CLANG_ENABLE_OBJC_ARC = YES;
				CLANG_WARN_BLOCK_CAPTURE_AUTORELEASING = YES;
				CLANG_WARN_BOOL_CONVERSION = YES;
				CLANG_WARN_COMMA = YES;
				CLANG_WARN_CONSTANT_CONVERSION = YES;
				CLANG_WARN_DIRECT_OBJC_ISA_USAGE = YES_ERROR;
				CLANG_WARN_EMPTY_BODY = YES;
				CLANG_WARN_ENUM_CONVERSION = YES;
				CLANG_WARN_INFINITE_RECURSION = YES;
				CLANG_WARN_INT_CONVERSION = YES;
				CLANG_WARN_NON_LITERAL_NULL_CONVERSION = YES;
				CLANG_WARN_OBJC_LITERAL_CONVERSION = YES;
				CLANG_WARN_OBJC_ROOT_CLASS = YES_ERROR;
				CLANG_WARN_RANGE_LOOP_ANALYSIS = YES;
				CLANG_WARN_STRICT_PROTOTYPES = YES;
				CLANG_WARN_SUSPICIOUS_MOVE = YES;
				CLANG_WARN_UNREACHABLE_CODE = YES;
				CLANG_WARN__DUPLICATE_METHOD_MATCH = YES;
				"CODE_SIGN_IDENTITY[sdk=iphoneos*]" = "iPhone Developer";
				COPY_PHASE_STRIP = YES;
				ENABLE_NS_ASSERTIONS = NO;
				ENABLE_STRICT_OBJC_MSGSEND = YES;
				GCC_C_LANGUAGE_STANDARD = gnu99;
				GCC_NO_COMMON_BLOCKS = YES;
				GCC_WARN_64_TO_32_BIT_CONVERSION = YES;
				GCC_WARN_ABOUT_RETURN_TYPE = YES_ERROR;
				GCC_WARN_UNDECLARED_SELECTOR = YES;
				GCC_WARN_UNINITIALIZED_AUTOS = YES_AGGRESSIVE;
				GCC_WARN_UNUSED_FUNCTION = YES;
				GCC_WARN_UNUSED_VARIABLE = YES;
				IPHONEOS_DEPLOYMENT_TARGET = 10.0;
				MTL_ENABLE_DEBUG_INFO = NO;
				SDKROOT = iphoneos;
				SWIFT_OPTIMIZATION_LEVEL = "-Owholemodule";
				TARGETED_DEVICE_FAMILY = "1,2";
				VALIDATE_PRODUCT = YES;
			};
			name = Release;
		};
		4050699B19AA76BD0066ECE3 /* Debug */ = {
			isa = XCBuildConfiguration;
			baseConfigurationReference = B2FB0DEC6CD5A44B45F1B67E /* Pods-Highball.debug.xcconfig */;
			buildSettings = {
				ASSETCATALOG_COMPILER_APPICON_NAME = AppIcon;
				CODE_SIGN_IDENTITY = "iPhone Developer";
				"CODE_SIGN_IDENTITY[sdk=iphoneos*]" = "iPhone Developer";
				DEVELOPMENT_TEAM = 82P2XLB4UH;
				FRAMEWORK_SEARCH_PATHS = (
					"$(inherited)",
					"$(USER_LIBRARY_DIR)/Developer/Xcode/DerivedData/Highball-guawcsogumubtccebjzcnecuotxo/Build/Products/Debug-iphoneos",
					"$(PROJECT_DIR)",
					"$(PROJECT_DIR)/Carthage/Build/iOS",
				);
				INFOPLIST_FILE = Highball/Info.plist;
				IPHONEOS_DEPLOYMENT_TARGET = 10.0;
				LD_RUNPATH_SEARCH_PATHS = "$(inherited) @executable_path/Frameworks";
				LIBRARY_SEARCH_PATHS = "$(inherited)";
				PRODUCT_BUNDLE_IDENTIFIER = "com.highball.$(PRODUCT_NAME:rfc1034identifier)";
				PRODUCT_NAME = "$(TARGET_NAME)";
				SWIFT_OBJC_BRIDGING_HEADER = "Highball/Highball-Bridging-Header.h";
				SWIFT_VERSION = 3.0;
				TARGETED_DEVICE_FAMILY = "1,2";
			};
			name = Debug;
		};
		4050699C19AA76BD0066ECE3 /* Release */ = {
			isa = XCBuildConfiguration;
			baseConfigurationReference = 5EC024F7DABBCBE3005FA9BF /* Pods-Highball.release.xcconfig */;
			buildSettings = {
				ASSETCATALOG_COMPILER_APPICON_NAME = AppIcon;
				CODE_SIGN_IDENTITY = "iPhone Developer";
				"CODE_SIGN_IDENTITY[sdk=iphoneos*]" = "iPhone Developer";
				DEVELOPMENT_TEAM = 82P2XLB4UH;
				FRAMEWORK_SEARCH_PATHS = (
					"$(inherited)",
					"$(USER_LIBRARY_DIR)/Developer/Xcode/DerivedData/Highball-guawcsogumubtccebjzcnecuotxo/Build/Products/Debug-iphoneos",
					"$(PROJECT_DIR)",
					"$(PROJECT_DIR)/Carthage/Build/iOS",
				);
				INFOPLIST_FILE = Highball/Info.plist;
				IPHONEOS_DEPLOYMENT_TARGET = 10.0;
				LD_RUNPATH_SEARCH_PATHS = "$(inherited) @executable_path/Frameworks";
				LIBRARY_SEARCH_PATHS = "$(inherited)";
				PRODUCT_BUNDLE_IDENTIFIER = "com.highball.$(PRODUCT_NAME:rfc1034identifier)";
				PRODUCT_NAME = "$(TARGET_NAME)";
				PROVISIONING_PROFILE = "";
				PROVISIONING_PROFILE_SPECIFIER = "";
				SWIFT_OBJC_BRIDGING_HEADER = "Highball/Highball-Bridging-Header.h";
				SWIFT_VERSION = 3.0;
				TARGETED_DEVICE_FAMILY = "1,2";
			};
			name = Release;
		};
		4050699E19AA76BD0066ECE3 /* Debug */ = {
			isa = XCBuildConfiguration;
			buildSettings = {
				BUNDLE_LOADER = "$(TEST_HOST)";
				FRAMEWORK_SEARCH_PATHS = (
					"$(SDKROOT)/Developer/Library/Frameworks",
					"$(inherited)",
				);
				GCC_PREPROCESSOR_DEFINITIONS = (
					"DEBUG=1",
					"$(inherited)",
				);
				INFOPLIST_FILE = HighballTests/Info.plist;
				LD_RUNPATH_SEARCH_PATHS = "$(inherited) @executable_path/Frameworks @loader_path/Frameworks";
				PRODUCT_BUNDLE_IDENTIFIER = "com.ianynda.$(PRODUCT_NAME:rfc1034identifier)";
				PRODUCT_NAME = "$(TARGET_NAME)";
				SWIFT_VERSION = 3.0;
				TEST_HOST = "$(BUILT_PRODUCTS_DIR)/Highball.app/Highball";
			};
			name = Debug;
		};
		4050699F19AA76BD0066ECE3 /* Release */ = {
			isa = XCBuildConfiguration;
			buildSettings = {
				BUNDLE_LOADER = "$(TEST_HOST)";
				FRAMEWORK_SEARCH_PATHS = (
					"$(SDKROOT)/Developer/Library/Frameworks",
					"$(inherited)",
				);
				INFOPLIST_FILE = HighballTests/Info.plist;
				LD_RUNPATH_SEARCH_PATHS = "$(inherited) @executable_path/Frameworks @loader_path/Frameworks";
				PRODUCT_BUNDLE_IDENTIFIER = "com.ianynda.$(PRODUCT_NAME:rfc1034identifier)";
				PRODUCT_NAME = "$(TARGET_NAME)";
				SWIFT_VERSION = 3.0;
				TEST_HOST = "$(BUILT_PRODUCTS_DIR)/Highball.app/Highball";
			};
			name = Release;
		};
/* End XCBuildConfiguration section */

/* Begin XCConfigurationList section */
		4050697619AA76BD0066ECE3 /* Build configuration list for PBXProject "Highball" */ = {
			isa = XCConfigurationList;
			buildConfigurations = (
				4050699819AA76BD0066ECE3 /* Debug */,
				4050699919AA76BD0066ECE3 /* Release */,
			);
			defaultConfigurationIsVisible = 0;
			defaultConfigurationName = Release;
		};
		4050699A19AA76BD0066ECE3 /* Build configuration list for PBXNativeTarget "Highball" */ = {
			isa = XCConfigurationList;
			buildConfigurations = (
				4050699B19AA76BD0066ECE3 /* Debug */,
				4050699C19AA76BD0066ECE3 /* Release */,
			);
			defaultConfigurationIsVisible = 0;
			defaultConfigurationName = Release;
		};
		4050699D19AA76BD0066ECE3 /* Build configuration list for PBXNativeTarget "HighballTests" */ = {
			isa = XCConfigurationList;
			buildConfigurations = (
				4050699E19AA76BD0066ECE3 /* Debug */,
				4050699F19AA76BD0066ECE3 /* Release */,
			);
			defaultConfigurationIsVisible = 0;
			defaultConfigurationName = Release;
		};
/* End XCConfigurationList section */
	};
	rootObject = 4050697319AA76BD0066ECE3 /* Project object */;
}
