// !$*UTF8*$!
{
	archiveVersion = 1;
	classes = {
	};
	objectVersion = 46;
	objects = {

/* Begin PBXBuildFile section */
		40080E8E1A0F042B00D883AE /* SettingsViewController.swift in Sources */ = {isa = PBXBuildFile; fileRef = 40080E8D1A0F042B00D883AE /* SettingsViewController.swift */; };
		40080E901A0F11DD00D883AE /* LockSplashViewController.swift in Sources */ = {isa = PBXBuildFile; fileRef = 40080E8F1A0F11DD00D883AE /* LockSplashViewController.swift */; };
		400FE01319B6A33200F72C3C /* libPods.a in Frameworks */ = {isa = PBXBuildFile; fileRef = 400FE01219B6A33200F72C3C /* libPods.a */; };
		402033591A6C785400BA136C /* AnimatedImageCache.swift in Sources */ = {isa = PBXBuildFile; fileRef = 402033581A6C785400BA136C /* AnimatedImageCache.swift */; };
		402A20961A3D2C510007CCFF /* TitleTableViewCell.swift in Sources */ = {isa = PBXBuildFile; fileRef = 402A20951A3D2C510007CCFF /* TitleTableViewCell.swift */; };
		402D979919F1E442003DCD55 /* TextReblogViewController.swift in Sources */ = {isa = PBXBuildFile; fileRef = 402D979819F1E442003DCD55 /* TextReblogViewController.swift */; };
		403F53DB19AECFEF00FF8F3B /* PhotosetRowTableViewCell.swift in Sources */ = {isa = PBXBuildFile; fileRef = 403F53DA19AECFEF00FF8F3B /* PhotosetRowTableViewCell.swift */; };
		403F53DD19AFB5DF00FF8F3B /* ContentTableViewCell.swift in Sources */ = {isa = PBXBuildFile; fileRef = 403F53DC19AFB5DF00FF8F3B /* ContentTableViewCell.swift */; };
		403F53DF19AFCEB800FF8F3B /* String+HTML.swift in Sources */ = {isa = PBXBuildFile; fileRef = 403F53DE19AFCEB800FF8F3B /* String+HTML.swift */; };
		4050698119AA76BD0066ECE3 /* AppDelegate.swift in Sources */ = {isa = PBXBuildFile; fileRef = 4050698019AA76BD0066ECE3 /* AppDelegate.swift */; };
		4050698619AA76BD0066ECE3 /* DashboardViewController.swift in Sources */ = {isa = PBXBuildFile; fileRef = 4050698519AA76BD0066ECE3 /* DashboardViewController.swift */; };
		4050698B19AA76BD0066ECE3 /* Images.xcassets in Resources */ = {isa = PBXBuildFile; fileRef = 4050698A19AA76BD0066ECE3 /* Images.xcassets */; };
		4050699719AA76BD0066ECE3 /* HighballTests.swift in Sources */ = {isa = PBXBuildFile; fileRef = 4050699619AA76BD0066ECE3 /* HighballTests.swift */; };
		406690651A5A17A1006345B0 /* TagsTableViewCell.swift in Sources */ = {isa = PBXBuildFile; fileRef = 406690641A5A17A1006345B0 /* TagsTableViewCell.swift */; };
		40731BA819FC272100F6978D /* Coefficients.swift in Sources */ = {isa = PBXBuildFile; fileRef = 40731B9B19FC272100F6978D /* Coefficients.swift */; };
		40731BA919FC272100F6978D /* Compound.swift in Sources */ = {isa = PBXBuildFile; fileRef = 40731B9C19FC272100F6978D /* Compound.swift */; };
		40731BAA19FC272100F6978D /* Dimension.swift in Sources */ = {isa = PBXBuildFile; fileRef = 40731B9D19FC272100F6978D /* Dimension.swift */; };
		40731BAB19FC272100F6978D /* Edge.swift in Sources */ = {isa = PBXBuildFile; fileRef = 40731B9E19FC272100F6978D /* Edge.swift */; };
		40731BAC19FC272100F6978D /* Edges.swift in Sources */ = {isa = PBXBuildFile; fileRef = 40731B9F19FC272100F6978D /* Edges.swift */; };
		40731BAD19FC272100F6978D /* Expression.swift in Sources */ = {isa = PBXBuildFile; fileRef = 40731BA019FC272100F6978D /* Expression.swift */; };
		40731BAE19FC272100F6978D /* Layout.swift in Sources */ = {isa = PBXBuildFile; fileRef = 40731BA119FC272100F6978D /* Layout.swift */; };
		40731BAF19FC272100F6978D /* LayoutProxy.swift in Sources */ = {isa = PBXBuildFile; fileRef = 40731BA219FC272100F6978D /* LayoutProxy.swift */; };
		40731BB019FC272100F6978D /* Point.swift in Sources */ = {isa = PBXBuildFile; fileRef = 40731BA319FC272100F6978D /* Point.swift */; };
		40731BB119FC272100F6978D /* Priority.swift in Sources */ = {isa = PBXBuildFile; fileRef = 40731BA419FC272100F6978D /* Priority.swift */; };
		40731BB219FC272100F6978D /* Property.swift in Sources */ = {isa = PBXBuildFile; fileRef = 40731BA519FC272100F6978D /* Property.swift */; };
		40731BB319FC272100F6978D /* Size.swift in Sources */ = {isa = PBXBuildFile; fileRef = 40731BA619FC272100F6978D /* Size.swift */; };
		40731BB419FC272100F6978D /* View.swift in Sources */ = {isa = PBXBuildFile; fileRef = 40731BA719FC272100F6978D /* View.swift */; };
		40731BB819FDC38900F6978D /* PostsViewController.swift in Sources */ = {isa = PBXBuildFile; fileRef = 40731BB719FDC38900F6978D /* PostsViewController.swift */; };
		40731BBA19FDCAD300F6978D /* LikesViewController.swift in Sources */ = {isa = PBXBuildFile; fileRef = 40731BB919FDCAD300F6978D /* LikesViewController.swift */; };
		40731BBC19FDCEF300F6978D /* QuickNavigateController.swift in Sources */ = {isa = PBXBuildFile; fileRef = 40731BBB19FDCEF300F6978D /* QuickNavigateController.swift */; };
		40778B9919B118D100F8EE13 /* PostHeaderView.swift in Sources */ = {isa = PBXBuildFile; fileRef = 40778B9819B118D100F8EE13 /* PostHeaderView.swift */; };
		40778B9C19B15F9C00F8EE13 /* Post.swift in Sources */ = {isa = PBXBuildFile; fileRef = 40778B9B19B15F9C00F8EE13 /* Post.swift */; };
		40778B9E19B160DD00F8EE13 /* PostPhoto.swift in Sources */ = {isa = PBXBuildFile; fileRef = 40778B9D19B160DD00F8EE13 /* PostPhoto.swift */; };
		40778BAA19B24BA500F8EE13 /* PostQuestionTableViewCell.swift in Sources */ = {isa = PBXBuildFile; fileRef = 40778BA919B24BA500F8EE13 /* PostQuestionTableViewCell.swift */; };
		408C7D1F19B36F7400EFC410 /* PostLinkTableViewCell.swift in Sources */ = {isa = PBXBuildFile; fileRef = 408C7D1E19B36F7400EFC410 /* PostLinkTableViewCell.swift */; };
		408C7D2119B384C800EFC410 /* PostDialogueEntry.swift in Sources */ = {isa = PBXBuildFile; fileRef = 408C7D2019B384C800EFC410 /* PostDialogueEntry.swift */; };
		408C7D2319B387A500EFC410 /* PostDialogueEntryTableViewCell.swift in Sources */ = {isa = PBXBuildFile; fileRef = 408C7D2219B387A500EFC410 /* PostDialogueEntryTableViewCell.swift */; };
		408D393F19C12E550001981F /* ImageItemProvider.swift in Sources */ = {isa = PBXBuildFile; fileRef = 408D393E19C12E550001981F /* ImageItemProvider.swift */; };
		408D394119C12EF00001981F /* PostItemProvider.swift in Sources */ = {isa = PBXBuildFile; fileRef = 408D394019C12EF00001981F /* PostItemProvider.swift */; };
		40A11E6019B4CBCB00B91843 /* Crashlytics.framework in Frameworks */ = {isa = PBXBuildFile; fileRef = 40A11E5F19B4CBCB00B91843 /* Crashlytics.framework */; };
		40A11E6819B518DD00B91843 /* ImagesViewController.swift in Sources */ = {isa = PBXBuildFile; fileRef = 40A11E6719B518DD00B91843 /* ImagesViewController.swift */; };
		40A11E6B19B51FF700B91843 /* ImageCollectionViewCell.swift in Sources */ = {isa = PBXBuildFile; fileRef = 40A11E6A19B51FF700B91843 /* ImageCollectionViewCell.swift */; };
		40AA70831A0FD5D1000D91DD /* BookmarksViewController.swift in Sources */ = {isa = PBXBuildFile; fileRef = 40AA70821A0FD5D1000D91DD /* BookmarksViewController.swift */; };
		40C78D1519BD29330002EB78 /* ReblogTransitionAnimator.swift in Sources */ = {isa = PBXBuildFile; fileRef = 40C78D1419BD29330002EB78 /* ReblogTransitionAnimator.swift */; };
		40D015A11A753BCD00CE4511 /* FLAnimatedImageView+GIFs.swift in Sources */ = {isa = PBXBuildFile; fileRef = 40D015A01A753BCD00CE4511 /* FLAnimatedImageView+GIFs.swift */; };
		40F8CE961A41111300609ABF /* AccountsViewController.swift in Sources */ = {isa = PBXBuildFile; fileRef = 40F8CE951A41111300609ABF /* AccountsViewController.swift */; };
		40F8CE9A1A41143000609ABF /* AccountsService.swift in Sources */ = {isa = PBXBuildFile; fileRef = 40F8CE991A41143000609ABF /* AccountsService.swift */; };
		40F8CE9C1A43CABD00609ABF /* SwiftyJSON.swift in Sources */ = {isa = PBXBuildFile; fileRef = 40F8CE9B1A43CABD00609ABF /* SwiftyJSON.swift */; };
		40FF6D4319B940C6008119A3 /* Blog.swift in Sources */ = {isa = PBXBuildFile; fileRef = 40FF6D4219B940C6008119A3 /* Blog.swift */; };
		40FF6D4519B9F656008119A3 /* QuickReblogViewController.swift in Sources */ = {isa = PBXBuildFile; fileRef = 40FF6D4419B9F656008119A3 /* QuickReblogViewController.swift */; };
/* End PBXBuildFile section */

/* Begin PBXContainerItemProxy section */
		4050699119AA76BD0066ECE3 /* PBXContainerItemProxy */ = {
			isa = PBXContainerItemProxy;
			containerPortal = 4050697319AA76BD0066ECE3 /* Project object */;
			proxyType = 1;
			remoteGlobalIDString = 4050697A19AA76BD0066ECE3;
			remoteInfo = Highball;
		};
/* End PBXContainerItemProxy section */

/* Begin PBXCopyFilesBuildPhase section */
		40778B9F19B20AC700F8EE13 /* CopyFiles */ = {
			isa = PBXCopyFilesBuildPhase;
			buildActionMask = 2147483647;
			dstPath = "";
			dstSubfolderSpec = 10;
			files = (
			);
			runOnlyForDeploymentPostprocessing = 0;
		};
/* End PBXCopyFilesBuildPhase section */

/* Begin PBXFileReference section */
		13500F55524D7A285BCE2BD6 /* Pods.release.xcconfig */ = {isa = PBXFileReference; includeInIndex = 1; lastKnownFileType = text.xcconfig; name = Pods.release.xcconfig; path = "Pods/Target Support Files/Pods/Pods.release.xcconfig"; sourceTree = "<group>"; };
		40080E8D1A0F042B00D883AE /* SettingsViewController.swift */ = {isa = PBXFileReference; fileEncoding = 4; lastKnownFileType = sourcecode.swift; path = SettingsViewController.swift; sourceTree = "<group>"; };
		40080E8F1A0F11DD00D883AE /* LockSplashViewController.swift */ = {isa = PBXFileReference; fileEncoding = 4; lastKnownFileType = sourcecode.swift; path = LockSplashViewController.swift; sourceTree = "<group>"; };
		400FE01219B6A33200F72C3C /* libPods.a */ = {isa = PBXFileReference; lastKnownFileType = archive.ar; name = libPods.a; path = "Pods/build/Debug-iphoneos/libPods.a"; sourceTree = "<group>"; };
		402033581A6C785400BA136C /* AnimatedImageCache.swift */ = {isa = PBXFileReference; fileEncoding = 4; lastKnownFileType = sourcecode.swift; path = AnimatedImageCache.swift; sourceTree = "<group>"; };
		402A20951A3D2C510007CCFF /* TitleTableViewCell.swift */ = {isa = PBXFileReference; fileEncoding = 4; lastKnownFileType = sourcecode.swift; path = TitleTableViewCell.swift; sourceTree = "<group>"; };
		402D979819F1E442003DCD55 /* TextReblogViewController.swift */ = {isa = PBXFileReference; fileEncoding = 4; lastKnownFileType = sourcecode.swift; path = TextReblogViewController.swift; sourceTree = "<group>"; };
		403F53DA19AECFEF00FF8F3B /* PhotosetRowTableViewCell.swift */ = {isa = PBXFileReference; fileEncoding = 4; lastKnownFileType = sourcecode.swift; path = PhotosetRowTableViewCell.swift; sourceTree = "<group>"; };
		403F53DC19AFB5DF00FF8F3B /* ContentTableViewCell.swift */ = {isa = PBXFileReference; fileEncoding = 4; lastKnownFileType = sourcecode.swift; path = ContentTableViewCell.swift; sourceTree = "<group>"; };
		403F53DE19AFCEB800FF8F3B /* String+HTML.swift */ = {isa = PBXFileReference; fileEncoding = 4; lastKnownFileType = sourcecode.swift; path = "String+HTML.swift"; sourceTree = "<group>"; };
		4050697B19AA76BD0066ECE3 /* Highball.app */ = {isa = PBXFileReference; explicitFileType = wrapper.application; includeInIndex = 0; path = Highball.app; sourceTree = BUILT_PRODUCTS_DIR; };
		4050697F19AA76BD0066ECE3 /* Info.plist */ = {isa = PBXFileReference; lastKnownFileType = text.plist.xml; path = Info.plist; sourceTree = "<group>"; };
		4050698019AA76BD0066ECE3 /* AppDelegate.swift */ = {isa = PBXFileReference; lastKnownFileType = sourcecode.swift; path = AppDelegate.swift; sourceTree = "<group>"; };
		4050698519AA76BD0066ECE3 /* DashboardViewController.swift */ = {isa = PBXFileReference; lastKnownFileType = sourcecode.swift; path = DashboardViewController.swift; sourceTree = "<group>"; };
		4050698A19AA76BD0066ECE3 /* Images.xcassets */ = {isa = PBXFileReference; lastKnownFileType = folder.assetcatalog; path = Images.xcassets; sourceTree = "<group>"; };
		4050699019AA76BD0066ECE3 /* HighballTests.xctest */ = {isa = PBXFileReference; explicitFileType = wrapper.cfbundle; includeInIndex = 0; path = HighballTests.xctest; sourceTree = BUILT_PRODUCTS_DIR; };
		4050699519AA76BD0066ECE3 /* Info.plist */ = {isa = PBXFileReference; lastKnownFileType = text.plist.xml; path = Info.plist; sourceTree = "<group>"; };
		4050699619AA76BD0066ECE3 /* HighballTests.swift */ = {isa = PBXFileReference; lastKnownFileType = sourcecode.swift; path = HighballTests.swift; sourceTree = "<group>"; };
		405069A019AA77E80066ECE3 /* Highball-Bridging-Header.h */ = {isa = PBXFileReference; fileEncoding = 4; lastKnownFileType = sourcecode.c.h; path = "Highball-Bridging-Header.h"; sourceTree = "<group>"; };
		406690641A5A17A1006345B0 /* TagsTableViewCell.swift */ = {isa = PBXFileReference; fileEncoding = 4; lastKnownFileType = sourcecode.swift; path = TagsTableViewCell.swift; sourceTree = "<group>"; };
		40731B9A19FC272100F6978D /* Cartography.h */ = {isa = PBXFileReference; fileEncoding = 4; lastKnownFileType = sourcecode.c.h; name = Cartography.h; path = Cartography/Cartography/Cartography.h; sourceTree = "<group>"; };
		40731B9B19FC272100F6978D /* Coefficients.swift */ = {isa = PBXFileReference; fileEncoding = 4; lastKnownFileType = sourcecode.swift; name = Coefficients.swift; path = Cartography/Cartography/Coefficients.swift; sourceTree = "<group>"; };
		40731B9C19FC272100F6978D /* Compound.swift */ = {isa = PBXFileReference; fileEncoding = 4; lastKnownFileType = sourcecode.swift; name = Compound.swift; path = Cartography/Cartography/Compound.swift; sourceTree = "<group>"; };
		40731B9D19FC272100F6978D /* Dimension.swift */ = {isa = PBXFileReference; fileEncoding = 4; lastKnownFileType = sourcecode.swift; name = Dimension.swift; path = Cartography/Cartography/Dimension.swift; sourceTree = "<group>"; };
		40731B9E19FC272100F6978D /* Edge.swift */ = {isa = PBXFileReference; fileEncoding = 4; lastKnownFileType = sourcecode.swift; name = Edge.swift; path = Cartography/Cartography/Edge.swift; sourceTree = "<group>"; };
		40731B9F19FC272100F6978D /* Edges.swift */ = {isa = PBXFileReference; fileEncoding = 4; lastKnownFileType = sourcecode.swift; name = Edges.swift; path = Cartography/Cartography/Edges.swift; sourceTree = "<group>"; };
		40731BA019FC272100F6978D /* Expression.swift */ = {isa = PBXFileReference; fileEncoding = 4; lastKnownFileType = sourcecode.swift; name = Expression.swift; path = Cartography/Cartography/Expression.swift; sourceTree = "<group>"; };
		40731BA119FC272100F6978D /* Layout.swift */ = {isa = PBXFileReference; fileEncoding = 4; lastKnownFileType = sourcecode.swift; name = Layout.swift; path = Cartography/Cartography/Layout.swift; sourceTree = "<group>"; };
		40731BA219FC272100F6978D /* LayoutProxy.swift */ = {isa = PBXFileReference; fileEncoding = 4; lastKnownFileType = sourcecode.swift; name = LayoutProxy.swift; path = Cartography/Cartography/LayoutProxy.swift; sourceTree = "<group>"; };
		40731BA319FC272100F6978D /* Point.swift */ = {isa = PBXFileReference; fileEncoding = 4; lastKnownFileType = sourcecode.swift; name = Point.swift; path = Cartography/Cartography/Point.swift; sourceTree = "<group>"; };
		40731BA419FC272100F6978D /* Priority.swift */ = {isa = PBXFileReference; fileEncoding = 4; lastKnownFileType = sourcecode.swift; name = Priority.swift; path = Cartography/Cartography/Priority.swift; sourceTree = "<group>"; };
		40731BA519FC272100F6978D /* Property.swift */ = {isa = PBXFileReference; fileEncoding = 4; lastKnownFileType = sourcecode.swift; name = Property.swift; path = Cartography/Cartography/Property.swift; sourceTree = "<group>"; };
		40731BA619FC272100F6978D /* Size.swift */ = {isa = PBXFileReference; fileEncoding = 4; lastKnownFileType = sourcecode.swift; name = Size.swift; path = Cartography/Cartography/Size.swift; sourceTree = "<group>"; };
		40731BA719FC272100F6978D /* View.swift */ = {isa = PBXFileReference; fileEncoding = 4; lastKnownFileType = sourcecode.swift; name = View.swift; path = Cartography/Cartography/View.swift; sourceTree = "<group>"; };
		40731BB719FDC38900F6978D /* PostsViewController.swift */ = {isa = PBXFileReference; fileEncoding = 4; lastKnownFileType = sourcecode.swift; path = PostsViewController.swift; sourceTree = "<group>"; };
		40731BB919FDCAD300F6978D /* LikesViewController.swift */ = {isa = PBXFileReference; fileEncoding = 4; lastKnownFileType = sourcecode.swift; path = LikesViewController.swift; sourceTree = "<group>"; };
		40731BBB19FDCEF300F6978D /* QuickNavigateController.swift */ = {isa = PBXFileReference; fileEncoding = 4; lastKnownFileType = sourcecode.swift; path = QuickNavigateController.swift; sourceTree = "<group>"; };
		40778B9819B118D100F8EE13 /* PostHeaderView.swift */ = {isa = PBXFileReference; fileEncoding = 4; lastKnownFileType = sourcecode.swift; path = PostHeaderView.swift; sourceTree = "<group>"; };
		40778B9B19B15F9C00F8EE13 /* Post.swift */ = {isa = PBXFileReference; fileEncoding = 4; lastKnownFileType = sourcecode.swift; path = Post.swift; sourceTree = "<group>"; };
		40778B9D19B160DD00F8EE13 /* PostPhoto.swift */ = {isa = PBXFileReference; fileEncoding = 4; lastKnownFileType = sourcecode.swift; path = PostPhoto.swift; sourceTree = "<group>"; };
		40778BA919B24BA500F8EE13 /* PostQuestionTableViewCell.swift */ = {isa = PBXFileReference; fileEncoding = 4; lastKnownFileType = sourcecode.swift; path = PostQuestionTableViewCell.swift; sourceTree = "<group>"; };
		408C7D1E19B36F7400EFC410 /* PostLinkTableViewCell.swift */ = {isa = PBXFileReference; fileEncoding = 4; lastKnownFileType = sourcecode.swift; path = PostLinkTableViewCell.swift; sourceTree = "<group>"; };
		408C7D2019B384C800EFC410 /* PostDialogueEntry.swift */ = {isa = PBXFileReference; fileEncoding = 4; lastKnownFileType = sourcecode.swift; path = PostDialogueEntry.swift; sourceTree = "<group>"; };
		408C7D2219B387A500EFC410 /* PostDialogueEntryTableViewCell.swift */ = {isa = PBXFileReference; fileEncoding = 4; lastKnownFileType = sourcecode.swift; path = PostDialogueEntryTableViewCell.swift; sourceTree = "<group>"; };
		408D393E19C12E550001981F /* ImageItemProvider.swift */ = {isa = PBXFileReference; fileEncoding = 4; lastKnownFileType = sourcecode.swift; path = ImageItemProvider.swift; sourceTree = "<group>"; };
		408D394019C12EF00001981F /* PostItemProvider.swift */ = {isa = PBXFileReference; fileEncoding = 4; lastKnownFileType = sourcecode.swift; path = PostItemProvider.swift; sourceTree = "<group>"; };
		40A11E5F19B4CBCB00B91843 /* Crashlytics.framework */ = {isa = PBXFileReference; lastKnownFileType = wrapper.framework; path = Crashlytics.framework; sourceTree = "<group>"; };
		40A11E6719B518DD00B91843 /* ImagesViewController.swift */ = {isa = PBXFileReference; fileEncoding = 4; lastKnownFileType = sourcecode.swift; path = ImagesViewController.swift; sourceTree = "<group>"; };
		40A11E6A19B51FF700B91843 /* ImageCollectionViewCell.swift */ = {isa = PBXFileReference; fileEncoding = 4; lastKnownFileType = sourcecode.swift; path = ImageCollectionViewCell.swift; sourceTree = "<group>"; };
		40AA70821A0FD5D1000D91DD /* BookmarksViewController.swift */ = {isa = PBXFileReference; fileEncoding = 4; lastKnownFileType = sourcecode.swift; path = BookmarksViewController.swift; sourceTree = "<group>"; };
		40C78D1419BD29330002EB78 /* ReblogTransitionAnimator.swift */ = {isa = PBXFileReference; fileEncoding = 4; lastKnownFileType = sourcecode.swift; path = ReblogTransitionAnimator.swift; sourceTree = "<group>"; };
		40D015A01A753BCD00CE4511 /* FLAnimatedImageView+GIFs.swift */ = {isa = PBXFileReference; fileEncoding = 4; lastKnownFileType = sourcecode.swift; path = "FLAnimatedImageView+GIFs.swift"; sourceTree = "<group>"; };
		40F8CE951A41111300609ABF /* AccountsViewController.swift */ = {isa = PBXFileReference; fileEncoding = 4; lastKnownFileType = sourcecode.swift; path = AccountsViewController.swift; sourceTree = "<group>"; };
		40F8CE991A41143000609ABF /* AccountsService.swift */ = {isa = PBXFileReference; fileEncoding = 4; lastKnownFileType = sourcecode.swift; path = AccountsService.swift; sourceTree = "<group>"; };
		40F8CE9B1A43CABD00609ABF /* SwiftyJSON.swift */ = {isa = PBXFileReference; fileEncoding = 4; lastKnownFileType = sourcecode.swift; name = SwiftyJSON.swift; path = SwiftyJSON/Source/SwiftyJSON.swift; sourceTree = "<group>"; };
		40FF6D4219B940C6008119A3 /* Blog.swift */ = {isa = PBXFileReference; fileEncoding = 4; lastKnownFileType = sourcecode.swift; path = Blog.swift; sourceTree = "<group>"; };
		40FF6D4419B9F656008119A3 /* QuickReblogViewController.swift */ = {isa = PBXFileReference; fileEncoding = 4; lastKnownFileType = sourcecode.swift; path = QuickReblogViewController.swift; sourceTree = "<group>"; };
		B35C2FF3ECCE4C137A45D664 /* Pods.debug.xcconfig */ = {isa = PBXFileReference; includeInIndex = 1; lastKnownFileType = text.xcconfig; name = Pods.debug.xcconfig; path = "Pods/Target Support Files/Pods/Pods.debug.xcconfig"; sourceTree = "<group>"; };
/* End PBXFileReference section */

/* Begin PBXFrameworksBuildPhase section */
		4050697819AA76BD0066ECE3 /* Frameworks */ = {
			isa = PBXFrameworksBuildPhase;
			buildActionMask = 2147483647;
			files = (
				400FE01319B6A33200F72C3C /* libPods.a in Frameworks */,
				40A11E6019B4CBCB00B91843 /* Crashlytics.framework in Frameworks */,
			);
			runOnlyForDeploymentPostprocessing = 0;
		};
		4050698D19AA76BD0066ECE3 /* Frameworks */ = {
			isa = PBXFrameworksBuildPhase;
			buildActionMask = 2147483647;
			files = (
			);
			runOnlyForDeploymentPostprocessing = 0;
		};
/* End PBXFrameworksBuildPhase section */

/* Begin PBXGroup section */
		401ED97D19AEA61000457377 /* SwiftyJSON */ = {
			isa = PBXGroup;
			children = (
				40F8CE9B1A43CABD00609ABF /* SwiftyJSON.swift */,
			);
			name = SwiftyJSON;
			sourceTree = "<group>";
		};
		4048DF7819AAB597000524F7 /* Views */ = {
			isa = PBXGroup;
			children = (
				40778B9819B118D100F8EE13 /* PostHeaderView.swift */,
				403F53DA19AECFEF00FF8F3B /* PhotosetRowTableViewCell.swift */,
				403F53DC19AFB5DF00FF8F3B /* ContentTableViewCell.swift */,
				40778BA919B24BA500F8EE13 /* PostQuestionTableViewCell.swift */,
				408C7D1E19B36F7400EFC410 /* PostLinkTableViewCell.swift */,
				408C7D2219B387A500EFC410 /* PostDialogueEntryTableViewCell.swift */,
				40A11E6A19B51FF700B91843 /* ImageCollectionViewCell.swift */,
				40C78D1419BD29330002EB78 /* ReblogTransitionAnimator.swift */,
				402A20951A3D2C510007CCFF /* TitleTableViewCell.swift */,
				406690641A5A17A1006345B0 /* TagsTableViewCell.swift */,
			);
			name = Views;
			sourceTree = "<group>";
		};
		4050697219AA76BD0066ECE3 = {
			isa = PBXGroup;
			children = (
				40731B9919FC270C00F6978D /* Cartography */,
				401ED97D19AEA61000457377 /* SwiftyJSON */,
				4050697D19AA76BD0066ECE3 /* Highball */,
				4050699319AA76BD0066ECE3 /* HighballTests */,
				4050697C19AA76BD0066ECE3 /* Products */,
				A3D296309A504A00AFFABE53 /* Frameworks */,
				D4D551E0097D85FC10AC31E4 /* Pods */,
			);
			sourceTree = "<group>";
		};
		4050697C19AA76BD0066ECE3 /* Products */ = {
			isa = PBXGroup;
			children = (
				4050697B19AA76BD0066ECE3 /* Highball.app */,
				4050699019AA76BD0066ECE3 /* HighballTests.xctest */,
			);
			name = Products;
			sourceTree = "<group>";
		};
		4050697D19AA76BD0066ECE3 /* Highball */ = {
			isa = PBXGroup;
			children = (
				40A11E6619B518B500B91843 /* Controllers */,
				40778B9A19B15F7D00F8EE13 /* Models */,
				4048DF7819AAB597000524F7 /* Views */,
				4050698019AA76BD0066ECE3 /* AppDelegate.swift */,
				403F53DE19AFCEB800FF8F3B /* String+HTML.swift */,
				40D015A01A753BCD00CE4511 /* FLAnimatedImageView+GIFs.swift */,
				4050698A19AA76BD0066ECE3 /* Images.xcassets */,
				4050697E19AA76BD0066ECE3 /* Supporting Files */,
				405069A019AA77E80066ECE3 /* Highball-Bridging-Header.h */,
			);
			path = Highball;
			sourceTree = "<group>";
		};
		4050697E19AA76BD0066ECE3 /* Supporting Files */ = {
			isa = PBXGroup;
			children = (
				4050697F19AA76BD0066ECE3 /* Info.plist */,
			);
			name = "Supporting Files";
			sourceTree = "<group>";
		};
		4050699319AA76BD0066ECE3 /* HighballTests */ = {
			isa = PBXGroup;
			children = (
				4050699619AA76BD0066ECE3 /* HighballTests.swift */,
				4050699419AA76BD0066ECE3 /* Supporting Files */,
			);
			path = HighballTests;
			sourceTree = "<group>";
		};
		4050699419AA76BD0066ECE3 /* Supporting Files */ = {
			isa = PBXGroup;
			children = (
				4050699519AA76BD0066ECE3 /* Info.plist */,
			);
			name = "Supporting Files";
			sourceTree = "<group>";
		};
		40731B9919FC270C00F6978D /* Cartography */ = {
			isa = PBXGroup;
			children = (
				40731B9A19FC272100F6978D /* Cartography.h */,
				40731B9B19FC272100F6978D /* Coefficients.swift */,
				40731B9C19FC272100F6978D /* Compound.swift */,
				40731B9D19FC272100F6978D /* Dimension.swift */,
				40731B9E19FC272100F6978D /* Edge.swift */,
				40731B9F19FC272100F6978D /* Edges.swift */,
				40731BA019FC272100F6978D /* Expression.swift */,
				40731BA119FC272100F6978D /* Layout.swift */,
				40731BA219FC272100F6978D /* LayoutProxy.swift */,
				40731BA319FC272100F6978D /* Point.swift */,
				40731BA419FC272100F6978D /* Priority.swift */,
				40731BA519FC272100F6978D /* Property.swift */,
				40731BA619FC272100F6978D /* Size.swift */,
				40731BA719FC272100F6978D /* View.swift */,
			);
			name = Cartography;
			sourceTree = "<group>";
		};
		40778B9A19B15F7D00F8EE13 /* Models */ = {
			isa = PBXGroup;
			children = (
				40778B9B19B15F9C00F8EE13 /* Post.swift */,
				40778B9D19B160DD00F8EE13 /* PostPhoto.swift */,
				408C7D2019B384C800EFC410 /* PostDialogueEntry.swift */,
				40FF6D4219B940C6008119A3 /* Blog.swift */,
				40F8CE991A41143000609ABF /* AccountsService.swift */,
				402033581A6C785400BA136C /* AnimatedImageCache.swift */,
			);
			name = Models;
			sourceTree = "<group>";
		};
		40A11E6619B518B500B91843 /* Controllers */ = {
			isa = PBXGroup;
			children = (
				4050698519AA76BD0066ECE3 /* DashboardViewController.swift */,
				40A11E6719B518DD00B91843 /* ImagesViewController.swift */,
				40FF6D4419B9F656008119A3 /* QuickReblogViewController.swift */,
				408D393E19C12E550001981F /* ImageItemProvider.swift */,
				408D394019C12EF00001981F /* PostItemProvider.swift */,
				402D979819F1E442003DCD55 /* TextReblogViewController.swift */,
				40731BB719FDC38900F6978D /* PostsViewController.swift */,
				40731BB919FDCAD300F6978D /* LikesViewController.swift */,
				40731BBB19FDCEF300F6978D /* QuickNavigateController.swift */,
				40080E8D1A0F042B00D883AE /* SettingsViewController.swift */,
				40080E8F1A0F11DD00D883AE /* LockSplashViewController.swift */,
				40AA70821A0FD5D1000D91DD /* BookmarksViewController.swift */,
				40F8CE951A41111300609ABF /* AccountsViewController.swift */,
			);
			name = Controllers;
			sourceTree = "<group>";
		};
		A3D296309A504A00AFFABE53 /* Frameworks */ = {
			isa = PBXGroup;
			children = (
				400FE01219B6A33200F72C3C /* libPods.a */,
				40A11E5F19B4CBCB00B91843 /* Crashlytics.framework */,
			);
			name = Frameworks;
			sourceTree = "<group>";
		};
		D4D551E0097D85FC10AC31E4 /* Pods */ = {
			isa = PBXGroup;
			children = (
				B35C2FF3ECCE4C137A45D664 /* Pods.debug.xcconfig */,
				13500F55524D7A285BCE2BD6 /* Pods.release.xcconfig */,
			);
			name = Pods;
			sourceTree = "<group>";
		};
/* End PBXGroup section */

/* Begin PBXNativeTarget section */
		4050697A19AA76BD0066ECE3 /* Highball */ = {
			isa = PBXNativeTarget;
			buildConfigurationList = 4050699A19AA76BD0066ECE3 /* Build configuration list for PBXNativeTarget "Highball" */;
			buildPhases = (
				40A11E5E19B4CBA500B91843 /* ShellScript */,
				73E8195EFC37404C93E412AA /* Check Pods Manifest.lock */,
				4050697719AA76BD0066ECE3 /* Sources */,
				4050697819AA76BD0066ECE3 /* Frameworks */,
				4050697919AA76BD0066ECE3 /* Resources */,
				1215D24837CC4FAF837E8A44 /* Copy Pods Resources */,
				40778B9F19B20AC700F8EE13 /* CopyFiles */,
				40A11E6519B4D97800B91843 /* ShellScript */,
			);
			buildRules = (
			);
			dependencies = (
			);
			name = Highball;
			productName = Highball;
			productReference = 4050697B19AA76BD0066ECE3 /* Highball.app */;
			productType = "com.apple.product-type.application";
		};
		4050698F19AA76BD0066ECE3 /* HighballTests */ = {
			isa = PBXNativeTarget;
			buildConfigurationList = 4050699D19AA76BD0066ECE3 /* Build configuration list for PBXNativeTarget "HighballTests" */;
			buildPhases = (
				4050698C19AA76BD0066ECE3 /* Sources */,
				4050698D19AA76BD0066ECE3 /* Frameworks */,
				4050698E19AA76BD0066ECE3 /* Resources */,
			);
			buildRules = (
			);
			dependencies = (
				4050699219AA76BD0066ECE3 /* PBXTargetDependency */,
			);
			name = HighballTests;
			productName = HighballTests;
			productReference = 4050699019AA76BD0066ECE3 /* HighballTests.xctest */;
			productType = "com.apple.product-type.bundle.unit-test";
		};
/* End PBXNativeTarget section */

/* Begin PBXProject section */
		4050697319AA76BD0066ECE3 /* Project object */ = {
			isa = PBXProject;
			attributes = {
				LastUpgradeCheck = 0600;
				ORGANIZATIONNAME = ianynda;
				TargetAttributes = {
					4050697A19AA76BD0066ECE3 = {
						CreatedOnToolsVersion = 6.0;
						DevelopmentTeam = 82P2XLB4UH;
					};
					4050698F19AA76BD0066ECE3 = {
						CreatedOnToolsVersion = 6.0;
						TestTargetID = 4050697A19AA76BD0066ECE3;
					};
				};
			};
			buildConfigurationList = 4050697619AA76BD0066ECE3 /* Build configuration list for PBXProject "Highball" */;
			compatibilityVersion = "Xcode 3.2";
			developmentRegion = English;
			hasScannedForEncodings = 0;
			knownRegions = (
				en,
				Base,
			);
			mainGroup = 4050697219AA76BD0066ECE3;
			productRefGroup = 4050697C19AA76BD0066ECE3 /* Products */;
			projectDirPath = "";
			projectRoot = "";
			targets = (
				4050697A19AA76BD0066ECE3 /* Highball */,
				4050698F19AA76BD0066ECE3 /* HighballTests */,
			);
		};
/* End PBXProject section */

/* Begin PBXResourcesBuildPhase section */
		4050697919AA76BD0066ECE3 /* Resources */ = {
			isa = PBXResourcesBuildPhase;
			buildActionMask = 2147483647;
			files = (
				4050698B19AA76BD0066ECE3 /* Images.xcassets in Resources */,
			);
			runOnlyForDeploymentPostprocessing = 0;
		};
		4050698E19AA76BD0066ECE3 /* Resources */ = {
			isa = PBXResourcesBuildPhase;
			buildActionMask = 2147483647;
			files = (
			);
			runOnlyForDeploymentPostprocessing = 0;
		};
/* End PBXResourcesBuildPhase section */

/* Begin PBXShellScriptBuildPhase section */
		1215D24837CC4FAF837E8A44 /* Copy Pods Resources */ = {
			isa = PBXShellScriptBuildPhase;
			buildActionMask = 2147483647;
			files = (
			);
			inputPaths = (
			);
			name = "Copy Pods Resources";
			outputPaths = (
			);
			runOnlyForDeploymentPostprocessing = 0;
			shellPath = /bin/sh;
			shellScript = "\"${SRCROOT}/Pods/Target Support Files/Pods/Pods-resources.sh\"\n";
			showEnvVarsInLog = 0;
		};
		40A11E5E19B4CBA500B91843 /* ShellScript */ = {
			isa = PBXShellScriptBuildPhase;
			buildActionMask = 2147483647;
			files = (
			);
			inputPaths = (
			);
			outputPaths = (
			);
			runOnlyForDeploymentPostprocessing = 0;
			shellPath = /bin/sh;
			shellScript = "source ./bin/CrashlyticsKeys.sh\nif [ -n \"$CRASHLYTICS_API_KEY\" -a -n \"$CRASHLYTICS_APP_KEY\" ]; then\n    /usr/libexec/PlistBuddy -c \"Add :HBCrashlyticsAPIKey string '$CRASHLYTICS_API_KEY'\" Highball/Info.plist\n    /usr/libexec/PlistBuddy -c \"Add :HBCrashlyticsAppKey string '$CRASHLYTICS_APP_KEY'\" Highball/Info.plist\nfi\n";
		};
		40A11E6519B4D97800B91843 /* ShellScript */ = {
			isa = PBXShellScriptBuildPhase;
			buildActionMask = 2147483647;
			files = (
			);
			inputPaths = (
			);
			outputPaths = (
			);
			runOnlyForDeploymentPostprocessing = 0;
			shellPath = /bin/sh;
			shellScript = "source ./bin/CrashlyticsKeys.sh\nif [ -n \"$CRASHLYTICS_API_KEY\" -a -n \"$CRASHLYTICS_APP_KEY\" ]; then\n    ./Crashlytics.framework/run $CRASHLYTICS_API_KEY $CRASHLYTICS_APP_KEY\n    /usr/libexec/PlistBuddy -c \"Delete :HBCrashlyticsAPIKey\" Highball/Info.plist\n    /usr/libexec/PlistBuddy -c \"Delete :HBCrashlyticsAppKey\" Highball/Info.plist\nfi\n";
		};
		73E8195EFC37404C93E412AA /* Check Pods Manifest.lock */ = {
			isa = PBXShellScriptBuildPhase;
			buildActionMask = 2147483647;
			files = (
			);
			inputPaths = (
			);
			name = "Check Pods Manifest.lock";
			outputPaths = (
			);
			runOnlyForDeploymentPostprocessing = 0;
			shellPath = /bin/sh;
			shellScript = "diff \"${PODS_ROOT}/../Podfile.lock\" \"${PODS_ROOT}/Manifest.lock\" > /dev/null\nif [[ $? != 0 ]] ; then\n    cat << EOM\nerror: The sandbox is not in sync with the Podfile.lock. Run 'pod install' or update your CocoaPods installation.\nEOM\n    exit 1\nfi\n";
			showEnvVarsInLog = 0;
		};
/* End PBXShellScriptBuildPhase section */

/* Begin PBXSourcesBuildPhase section */
		4050697719AA76BD0066ECE3 /* Sources */ = {
			isa = PBXSourcesBuildPhase;
			buildActionMask = 2147483647;
			files = (
				40731BB019FC272100F6978D /* Point.swift in Sources */,
				40A11E6819B518DD00B91843 /* ImagesViewController.swift in Sources */,
				408C7D2319B387A500EFC410 /* PostDialogueEntryTableViewCell.swift in Sources */,
				40F8CE9C1A43CABD00609ABF /* SwiftyJSON.swift in Sources */,
				40A11E6B19B51FF700B91843 /* ImageCollectionViewCell.swift in Sources */,
				40080E901A0F11DD00D883AE /* LockSplashViewController.swift in Sources */,
				40731BB319FC272100F6978D /* Size.swift in Sources */,
				4050698619AA76BD0066ECE3 /* DashboardViewController.swift in Sources */,
				40778B9919B118D100F8EE13 /* PostHeaderView.swift in Sources */,
				40FF6D4519B9F656008119A3 /* QuickReblogViewController.swift in Sources */,
				403F53DB19AECFEF00FF8F3B /* PhotosetRowTableViewCell.swift in Sources */,
				408C7D2119B384C800EFC410 /* PostDialogueEntry.swift in Sources */,
				40731BAF19FC272100F6978D /* LayoutProxy.swift in Sources */,
				40AA70831A0FD5D1000D91DD /* BookmarksViewController.swift in Sources */,
				40731BAA19FC272100F6978D /* Dimension.swift in Sources */,
				40731BB819FDC38900F6978D /* PostsViewController.swift in Sources */,
				40731BB419FC272100F6978D /* View.swift in Sources */,
				40731BB119FC272100F6978D /* Priority.swift in Sources */,
				4050698119AA76BD0066ECE3 /* AppDelegate.swift in Sources */,
				408C7D1F19B36F7400EFC410 /* PostLinkTableViewCell.swift in Sources */,
				408D393F19C12E550001981F /* ImageItemProvider.swift in Sources */,
				40F8CE9A1A41143000609ABF /* AccountsService.swift in Sources */,
				40F8CE961A41111300609ABF /* AccountsViewController.swift in Sources */,
				403F53DF19AFCEB800FF8F3B /* String+HTML.swift in Sources */,
				406690651A5A17A1006345B0 /* TagsTableViewCell.swift in Sources */,
				40731BBC19FDCEF300F6978D /* QuickNavigateController.swift in Sources */,
				408D394119C12EF00001981F /* PostItemProvider.swift in Sources */,
				40778B9C19B15F9C00F8EE13 /* Post.swift in Sources */,
				40080E8E1A0F042B00D883AE /* SettingsViewController.swift in Sources */,
				402D979919F1E442003DCD55 /* TextReblogViewController.swift in Sources */,
				40731BAC19FC272100F6978D /* Edges.swift in Sources */,
				402A20961A3D2C510007CCFF /* TitleTableViewCell.swift in Sources */,
				40731BAD19FC272100F6978D /* Expression.swift in Sources */,
				40731BAB19FC272100F6978D /* Edge.swift in Sources */,
				40D015A11A753BCD00CE4511 /* FLAnimatedImageView+GIFs.swift in Sources */,
				40731BB219FC272100F6978D /* Property.swift in Sources */,
				40778B9E19B160DD00F8EE13 /* PostPhoto.swift in Sources */,
				40FF6D4319B940C6008119A3 /* Blog.swift in Sources */,
				403F53DD19AFB5DF00FF8F3B /* ContentTableViewCell.swift in Sources */,
				40731BAE19FC272100F6978D /* Layout.swift in Sources */,
				40778BAA19B24BA500F8EE13 /* PostQuestionTableViewCell.swift in Sources */,
				40C78D1519BD29330002EB78 /* ReblogTransitionAnimator.swift in Sources */,
				40731BA919FC272100F6978D /* Compound.swift in Sources */,
				402033591A6C785400BA136C /* AnimatedImageCache.swift in Sources */,
				40731BA819FC272100F6978D /* Coefficients.swift in Sources */,
				40731BBA19FDCAD300F6978D /* LikesViewController.swift in Sources */,
			);
			runOnlyForDeploymentPostprocessing = 0;
		};
		4050698C19AA76BD0066ECE3 /* Sources */ = {
			isa = PBXSourcesBuildPhase;
			buildActionMask = 2147483647;
			files = (
				4050699719AA76BD0066ECE3 /* HighballTests.swift in Sources */,
			);
			runOnlyForDeploymentPostprocessing = 0;
		};
/* End PBXSourcesBuildPhase section */

/* Begin PBXTargetDependency section */
		4050699219AA76BD0066ECE3 /* PBXTargetDependency */ = {
			isa = PBXTargetDependency;
			target = 4050697A19AA76BD0066ECE3 /* Highball */;
			targetProxy = 4050699119AA76BD0066ECE3 /* PBXContainerItemProxy */;
		};
/* End PBXTargetDependency section */

/* Begin XCBuildConfiguration section */
		4050699819AA76BD0066ECE3 /* Debug */ = {
			isa = XCBuildConfiguration;
			buildSettings = {
				ALWAYS_SEARCH_USER_PATHS = NO;
				CLANG_CXX_LANGUAGE_STANDARD = "gnu++0x";
				CLANG_CXX_LIBRARY = "libc++";
				CLANG_ENABLE_MODULES = YES;
				CLANG_ENABLE_OBJC_ARC = YES;
				CLANG_WARN_BOOL_CONVERSION = YES;
				CLANG_WARN_CONSTANT_CONVERSION = YES;
				CLANG_WARN_DIRECT_OBJC_ISA_USAGE = YES_ERROR;
				CLANG_WARN_EMPTY_BODY = YES;
				CLANG_WARN_ENUM_CONVERSION = YES;
				CLANG_WARN_INT_CONVERSION = YES;
				CLANG_WARN_OBJC_ROOT_CLASS = YES_ERROR;
				CLANG_WARN_UNREACHABLE_CODE = YES;
				CLANG_WARN__DUPLICATE_METHOD_MATCH = YES;
				"CODE_SIGN_IDENTITY[sdk=iphoneos*]" = "iPhone Developer";
				COPY_PHASE_STRIP = NO;
				ENABLE_STRICT_OBJC_MSGSEND = YES;
				GCC_C_LANGUAGE_STANDARD = gnu99;
				GCC_DYNAMIC_NO_PIC = NO;
				GCC_OPTIMIZATION_LEVEL = 0;
				GCC_PREPROCESSOR_DEFINITIONS = (
					"DEBUG=1",
					"$(inherited)",
				);
				GCC_SYMBOLS_PRIVATE_EXTERN = NO;
				GCC_WARN_64_TO_32_BIT_CONVERSION = YES;
				GCC_WARN_ABOUT_RETURN_TYPE = YES_ERROR;
				GCC_WARN_UNDECLARED_SELECTOR = YES;
				GCC_WARN_UNINITIALIZED_AUTOS = YES_AGGRESSIVE;
				GCC_WARN_UNUSED_FUNCTION = YES;
				GCC_WARN_UNUSED_VARIABLE = YES;
				IPHONEOS_DEPLOYMENT_TARGET = 8.0;
				MTL_ENABLE_DEBUG_INFO = YES;
				ONLY_ACTIVE_ARCH = YES;
				SDKROOT = iphoneos;
				SWIFT_OPTIMIZATION_LEVEL = "-Onone";
				TARGETED_DEVICE_FAMILY = "1,2";
			};
			name = Debug;
		};
		4050699919AA76BD0066ECE3 /* Release */ = {
			isa = XCBuildConfiguration;
			buildSettings = {
				ALWAYS_SEARCH_USER_PATHS = NO;
				CLANG_CXX_LANGUAGE_STANDARD = "gnu++0x";
				CLANG_CXX_LIBRARY = "libc++";
				CLANG_ENABLE_MODULES = YES;
				CLANG_ENABLE_OBJC_ARC = YES;
				CLANG_WARN_BOOL_CONVERSION = YES;
				CLANG_WARN_CONSTANT_CONVERSION = YES;
				CLANG_WARN_DIRECT_OBJC_ISA_USAGE = YES_ERROR;
				CLANG_WARN_EMPTY_BODY = YES;
				CLANG_WARN_ENUM_CONVERSION = YES;
				CLANG_WARN_INT_CONVERSION = YES;
				CLANG_WARN_OBJC_ROOT_CLASS = YES_ERROR;
				CLANG_WARN_UNREACHABLE_CODE = YES;
				CLANG_WARN__DUPLICATE_METHOD_MATCH = YES;
				"CODE_SIGN_IDENTITY[sdk=iphoneos*]" = "iPhone Developer";
				COPY_PHASE_STRIP = YES;
				ENABLE_NS_ASSERTIONS = NO;
				ENABLE_STRICT_OBJC_MSGSEND = YES;
				GCC_C_LANGUAGE_STANDARD = gnu99;
				GCC_WARN_64_TO_32_BIT_CONVERSION = YES;
				GCC_WARN_ABOUT_RETURN_TYPE = YES_ERROR;
				GCC_WARN_UNDECLARED_SELECTOR = YES;
				GCC_WARN_UNINITIALIZED_AUTOS = YES_AGGRESSIVE;
				GCC_WARN_UNUSED_FUNCTION = YES;
				GCC_WARN_UNUSED_VARIABLE = YES;
				IPHONEOS_DEPLOYMENT_TARGET = 8.0;
				MTL_ENABLE_DEBUG_INFO = NO;
				SDKROOT = iphoneos;
				TARGETED_DEVICE_FAMILY = "1,2";
				VALIDATE_PRODUCT = YES;
			};
			name = Release;
		};
		4050699B19AA76BD0066ECE3 /* Debug */ = {
			isa = XCBuildConfiguration;
			baseConfigurationReference = B35C2FF3ECCE4C137A45D664 /* Pods.debug.xcconfig */;
			buildSettings = {
				ASSETCATALOG_COMPILER_APPICON_NAME = AppIcon;
				ASSETCATALOG_COMPILER_LAUNCHIMAGE_NAME = LaunchImage;
				CODE_SIGN_IDENTITY = "iPhone Developer";
				FRAMEWORK_SEARCH_PATHS = (
					"$(inherited)",
					"$(PROJECT_DIR)/Cartography/build/Debug-iphoneos",
					"$(USER_LIBRARY_DIR)/Developer/Xcode/DerivedData/Highball-guawcsogumubtccebjzcnecuotxo/Build/Products/Debug-iphoneos",
					"$(PROJECT_DIR)",
				);
				INFOPLIST_FILE = Highball/Info.plist;
				IPHONEOS_DEPLOYMENT_TARGET = 8.1;
				LD_RUNPATH_SEARCH_PATHS = "$(inherited) @executable_path/Frameworks";
				LIBRARY_SEARCH_PATHS = (
					"$(inherited)",
					"$(PROJECT_DIR)/Pods/build/Debug-iphoneos",
				);
				PRODUCT_NAME = "$(TARGET_NAME)";
				SWIFT_OBJC_BRIDGING_HEADER = "Highball/Highball-Bridging-Header.h";
			};
			name = Debug;
		};
		4050699C19AA76BD0066ECE3 /* Release */ = {
			isa = XCBuildConfiguration;
			baseConfigurationReference = 13500F55524D7A285BCE2BD6 /* Pods.release.xcconfig */;
			buildSettings = {
				ASSETCATALOG_COMPILER_APPICON_NAME = AppIcon;
				ASSETCATALOG_COMPILER_LAUNCHIMAGE_NAME = LaunchImage;
				CODE_SIGN_IDENTITY = "iPhone Developer";
				FRAMEWORK_SEARCH_PATHS = (
					"$(inherited)",
					"$(PROJECT_DIR)/Cartography/build/Debug-iphoneos",
					"$(USER_LIBRARY_DIR)/Developer/Xcode/DerivedData/Highball-guawcsogumubtccebjzcnecuotxo/Build/Products/Debug-iphoneos",
					"$(PROJECT_DIR)",
				);
				INFOPLIST_FILE = Highball/Info.plist;
				IPHONEOS_DEPLOYMENT_TARGET = 8.1;
				LD_RUNPATH_SEARCH_PATHS = "$(inherited) @executable_path/Frameworks";
				LIBRARY_SEARCH_PATHS = (
					"$(inherited)",
					"$(PROJECT_DIR)/Pods/build/Debug-iphoneos",
				);
				PRODUCT_NAME = "$(TARGET_NAME)";
				SWIFT_OBJC_BRIDGING_HEADER = "Highball/Highball-Bridging-Header.h";
			};
			name = Release;
		};
		4050699E19AA76BD0066ECE3 /* Debug */ = {
			isa = XCBuildConfiguration;
			buildSettings = {
				BUNDLE_LOADER = "$(TEST_HOST)";
				FRAMEWORK_SEARCH_PATHS = (
					"$(SDKROOT)/Developer/Library/Frameworks",
					"$(inherited)",
				);
				GCC_PREPROCESSOR_DEFINITIONS = (
					"DEBUG=1",
					"$(inherited)",
				);
				INFOPLIST_FILE = HighballTests/Info.plist;
				LD_RUNPATH_SEARCH_PATHS = "$(inherited) @executable_path/Frameworks @loader_path/Frameworks";
				PRODUCT_NAME = "$(TARGET_NAME)";
				TEST_HOST = "$(BUILT_PRODUCTS_DIR)/Highball.app/Highball";
			};
			name = Debug;
		};
		4050699F19AA76BD0066ECE3 /* Release */ = {
			isa = XCBuildConfiguration;
			buildSettings = {
				BUNDLE_LOADER = "$(TEST_HOST)";
				FRAMEWORK_SEARCH_PATHS = (
					"$(SDKROOT)/Developer/Library/Frameworks",
					"$(inherited)",
				);
				INFOPLIST_FILE = HighballTests/Info.plist;
				LD_RUNPATH_SEARCH_PATHS = "$(inherited) @executable_path/Frameworks @loader_path/Frameworks";
				PRODUCT_NAME = "$(TARGET_NAME)";
				TEST_HOST = "$(BUILT_PRODUCTS_DIR)/Highball.app/Highball";
			};
			name = Release;
		};
/* End XCBuildConfiguration section */

/* Begin XCConfigurationList section */
		4050697619AA76BD0066ECE3 /* Build configuration list for PBXProject "Highball" */ = {
			isa = XCConfigurationList;
			buildConfigurations = (
				4050699819AA76BD0066ECE3 /* Debug */,
				4050699919AA76BD0066ECE3 /* Release */,
			);
			defaultConfigurationIsVisible = 0;
			defaultConfigurationName = Release;
		};
		4050699A19AA76BD0066ECE3 /* Build configuration list for PBXNativeTarget "Highball" */ = {
			isa = XCConfigurationList;
			buildConfigurations = (
				4050699B19AA76BD0066ECE3 /* Debug */,
				4050699C19AA76BD0066ECE3 /* Release */,
			);
			defaultConfigurationIsVisible = 0;
			defaultConfigurationName = Release;
		};
		4050699D19AA76BD0066ECE3 /* Build configuration list for PBXNativeTarget "HighballTests" */ = {
			isa = XCConfigurationList;
			buildConfigurations = (
				4050699E19AA76BD0066ECE3 /* Debug */,
				4050699F19AA76BD0066ECE3 /* Release */,
			);
			defaultConfigurationIsVisible = 0;
			defaultConfigurationName = Release;
		};
/* End XCConfigurationList section */
	};
	rootObject = 4050697319AA76BD0066ECE3 /* Project object */;
}
