// !$*UTF8*$!
{
	archiveVersion = 1;
	classes = {
	};
	objectVersion = 46;
	objects = {

/* Begin PBXBuildFile section */
		4050698119AA76BD0066ECE3 /* AppDelegate.swift in Sources */ = {isa = PBXBuildFile; fileRef = 4050698019AA76BD0066ECE3 /* AppDelegate.swift */; };
		4050698419AA76BD0066ECE3 /* Highball.xcdatamodeld in Sources */ = {isa = PBXBuildFile; fileRef = 4050698219AA76BD0066ECE3 /* Highball.xcdatamodeld */; };
		4050698619AA76BD0066ECE3 /* ViewController.swift in Sources */ = {isa = PBXBuildFile; fileRef = 4050698519AA76BD0066ECE3 /* ViewController.swift */; };
		4050698919AA76BD0066ECE3 /* Main.storyboard in Resources */ = {isa = PBXBuildFile; fileRef = 4050698719AA76BD0066ECE3 /* Main.storyboard */; };
		4050698B19AA76BD0066ECE3 /* Images.xcassets in Resources */ = {isa = PBXBuildFile; fileRef = 4050698A19AA76BD0066ECE3 /* Images.xcassets */; };
		4050699719AA76BD0066ECE3 /* HighballTests.swift in Sources */ = {isa = PBXBuildFile; fileRef = 4050699619AA76BD0066ECE3 /* HighballTests.swift */; };
/* End PBXBuildFile section */

/* Begin PBXContainerItemProxy section */
		4050699119AA76BD0066ECE3 /* PBXContainerItemProxy */ = {
			isa = PBXContainerItemProxy;
			containerPortal = 4050697319AA76BD0066ECE3 /* Project object */;
			proxyType = 1;
			remoteGlobalIDString = 4050697A19AA76BD0066ECE3;
			remoteInfo = Highball;
		};
/* End PBXContainerItemProxy section */

/* Begin PBXFileReference section */
		4050697B19AA76BD0066ECE3 /* Highball.app */ = {isa = PBXFileReference; explicitFileType = wrapper.application; includeInIndex = 0; path = Highball.app; sourceTree = BUILT_PRODUCTS_DIR; };
		4050697F19AA76BD0066ECE3 /* Info.plist */ = {isa = PBXFileReference; lastKnownFileType = text.plist.xml; path = Info.plist; sourceTree = "<group>"; };
		4050698019AA76BD0066ECE3 /* AppDelegate.swift */ = {isa = PBXFileReference; lastKnownFileType = sourcecode.swift; path = AppDelegate.swift; sourceTree = "<group>"; };
		4050698319AA76BD0066ECE3 /* Highball.xcdatamodel */ = {isa = PBXFileReference; lastKnownFileType = wrapper.xcdatamodel; path = Highball.xcdatamodel; sourceTree = "<group>"; };
		4050698519AA76BD0066ECE3 /* ViewController.swift */ = {isa = PBXFileReference; lastKnownFileType = sourcecode.swift; path = ViewController.swift; sourceTree = "<group>"; };
		4050698819AA76BD0066ECE3 /* Base */ = {isa = PBXFileReference; lastKnownFileType = file.storyboard; name = Base; path = Base.lproj/Main.storyboard; sourceTree = "<group>"; };
		4050698A19AA76BD0066ECE3 /* Images.xcassets */ = {isa = PBXFileReference; lastKnownFileType = folder.assetcatalog; path = Images.xcassets; sourceTree = "<group>"; };
		4050699019AA76BD0066ECE3 /* HighballTests.xctest */ = {isa = PBXFileReference; explicitFileType = wrapper.cfbundle; includeInIndex = 0; path = HighballTests.xctest; sourceTree = BUILT_PRODUCTS_DIR; };
		4050699519AA76BD0066ECE3 /* Info.plist */ = {isa = PBXFileReference; lastKnownFileType = text.plist.xml; path = Info.plist; sourceTree = "<group>"; };
		4050699619AA76BD0066ECE3 /* HighballTests.swift */ = {isa = PBXFileReference; lastKnownFileType = sourcecode.swift; path = HighballTests.swift; sourceTree = "<group>"; };
/* End PBXFileReference section */

/* Begin PBXFrameworksBuildPhase section */
		4050697819AA76BD0066ECE3 /* Frameworks */ = {
			isa = PBXFrameworksBuildPhase;
			buildActionMask = 2147483647;
			files = (
			);
			runOnlyForDeploymentPostprocessing = 0;
		};
		4050698D19AA76BD0066ECE3 /* Frameworks */ = {
			isa = PBXFrameworksBuildPhase;
			buildActionMask = 2147483647;
			files = (
			);
			runOnlyForDeploymentPostprocessing = 0;
		};
/* End PBXFrameworksBuildPhase section */

/* Begin PBXGroup section */
		4050697219AA76BD0066ECE3 = {
			isa = PBXGroup;
			children = (
				4050697D19AA76BD0066ECE3 /* Highball */,
				4050699319AA76BD0066ECE3 /* HighballTests */,
				4050697C19AA76BD0066ECE3 /* Products */,
			);
			sourceTree = "<group>";
		};
		4050697C19AA76BD0066ECE3 /* Products */ = {
			isa = PBXGroup;
			children = (
				4050697B19AA76BD0066ECE3 /* Highball.app */,
				4050699019AA76BD0066ECE3 /* HighballTests.xctest */,
			);
			name = Products;
			sourceTree = "<group>";
		};
		4050697D19AA76BD0066ECE3 /* Highball */ = {
			isa = PBXGroup;
			children = (
				4050698019AA76BD0066ECE3 /* AppDelegate.swift */,
				4050698519AA76BD0066ECE3 /* ViewController.swift */,
				4050698719AA76BD0066ECE3 /* Main.storyboard */,
				4050698A19AA76BD0066ECE3 /* Images.xcassets */,
				4050698219AA76BD0066ECE3 /* Highball.xcdatamodeld */,
				4050697E19AA76BD0066ECE3 /* Supporting Files */,
			);
			path = Highball;
			sourceTree = "<group>";
		};
		4050697E19AA76BD0066ECE3 /* Supporting Files */ = {
			isa = PBXGroup;
			children = (
				4050697F19AA76BD0066ECE3 /* Info.plist */,
			);
			name = "Supporting Files";
			sourceTree = "<group>";
		};
		4050699319AA76BD0066ECE3 /* HighballTests */ = {
			isa = PBXGroup;
			children = (
				4050699619AA76BD0066ECE3 /* HighballTests.swift */,
				4050699419AA76BD0066ECE3 /* Supporting Files */,
			);
			path = HighballTests;
			sourceTree = "<group>";
		};
		4050699419AA76BD0066ECE3 /* Supporting Files */ = {
			isa = PBXGroup;
			children = (
				4050699519AA76BD0066ECE3 /* Info.plist */,
			);
			name = "Supporting Files";
			sourceTree = "<group>";
		};
/* End PBXGroup section */

/* Begin PBXNativeTarget section */
		4050697A19AA76BD0066ECE3 /* Highball */ = {
			isa = PBXNativeTarget;
			buildConfigurationList = 4050699A19AA76BD0066ECE3 /* Build configuration list for PBXNativeTarget "Highball" */;
			buildPhases = (
				4050697719AA76BD0066ECE3 /* Sources */,
				4050697819AA76BD0066ECE3 /* Frameworks */,
				4050697919AA76BD0066ECE3 /* Resources */,
			);
			buildRules = (
			);
			dependencies = (
			);
			name = Highball;
			productName = Highball;
			productReference = 4050697B19AA76BD0066ECE3 /* Highball.app */;
			productType = "com.apple.product-type.application";
		};
		4050698F19AA76BD0066ECE3 /* HighballTests */ = {
			isa = PBXNativeTarget;
			buildConfigurationList = 4050699D19AA76BD0066ECE3 /* Build configuration list for PBXNativeTarget "HighballTests" */;
			buildPhases = (
				4050698C19AA76BD0066ECE3 /* Sources */,
				4050698D19AA76BD0066ECE3 /* Frameworks */,
				4050698E19AA76BD0066ECE3 /* Resources */,
			);
			buildRules = (
			);
			dependencies = (
				4050699219AA76BD0066ECE3 /* PBXTargetDependency */,
			);
			name = HighballTests;
			productName = HighballTests;
			productReference = 4050699019AA76BD0066ECE3 /* HighballTests.xctest */;
			productType = "com.apple.product-type.bundle.unit-test";
		};
/* End PBXNativeTarget section */

/* Begin PBXProject section */
		4050697319AA76BD0066ECE3 /* Project object */ = {
			isa = PBXProject;
			attributes = {
				LastUpgradeCheck = 0600;
				ORGANIZATIONNAME = ianynda;
				TargetAttributes = {
					4050697A19AA76BD0066ECE3 = {
						CreatedOnToolsVersion = 6.0;
					};
					4050698F19AA76BD0066ECE3 = {
						CreatedOnToolsVersion = 6.0;
						TestTargetID = 4050697A19AA76BD0066ECE3;
					};
				};
			};
			buildConfigurationList = 4050697619AA76BD0066ECE3 /* Build configuration list for PBXProject "Highball" */;
			compatibilityVersion = "Xcode 3.2";
			developmentRegion = English;
			hasScannedForEncodings = 0;
			knownRegions = (
				en,
				Base,
			);
			mainGroup = 4050697219AA76BD0066ECE3;
			productRefGroup = 4050697C19AA76BD0066ECE3 /* Products */;
			projectDirPath = "";
			projectRoot = "";
			targets = (
				4050697A19AA76BD0066ECE3 /* Highball */,
				4050698F19AA76BD0066ECE3 /* HighballTests */,
			);
		};
/* End PBXProject section */

/* Begin PBXResourcesBuildPhase section */
		4050697919AA76BD0066ECE3 /* Resources */ = {
			isa = PBXResourcesBuildPhase;
			buildActionMask = 2147483647;
			files = (
				4050698919AA76BD0066ECE3 /* Main.storyboard in Resources */,
				4050698B19AA76BD0066ECE3 /* Images.xcassets in Resources */,
			);
			runOnlyForDeploymentPostprocessing = 0;
		};
		4050698E19AA76BD0066ECE3 /* Resources */ = {
			isa = PBXResourcesBuildPhase;
			buildActionMask = 2147483647;
			files = (
			);
			runOnlyForDeploymentPostprocessing = 0;
		};
/* End PBXResourcesBuildPhase section */

/* Begin PBXSourcesBuildPhase section */
		4050697719AA76BD0066ECE3 /* Sources */ = {
			isa = PBXSourcesBuildPhase;
			buildActionMask = 2147483647;
			files = (
				4050698619AA76BD0066ECE3 /* ViewController.swift in Sources */,
				4050698419AA76BD0066ECE3 /* Highball.xcdatamodeld in Sources */,
				4050698119AA76BD0066ECE3 /* AppDelegate.swift in Sources */,
			);
			runOnlyForDeploymentPostprocessing = 0;
		};
		4050698C19AA76BD0066ECE3 /* Sources */ = {
			isa = PBXSourcesBuildPhase;
			buildActionMask = 2147483647;
			files = (
				4050699719AA76BD0066ECE3 /* HighballTests.swift in Sources */,
			);
			runOnlyForDeploymentPostprocessing = 0;
		};
/* End PBXSourcesBuildPhase section */

/* Begin PBXTargetDependency section */
		4050699219AA76BD0066ECE3 /* PBXTargetDependency */ = {
			isa = PBXTargetDependency;
			target = 4050697A19AA76BD0066ECE3 /* Highball */;
			targetProxy = 4050699119AA76BD0066ECE3 /* PBXContainerItemProxy */;
		};
/* End PBXTargetDependency section */

/* Begin PBXVariantGroup section */
		4050698719AA76BD0066ECE3 /* Main.storyboard */ = {
			isa = PBXVariantGroup;
			children = (
				4050698819AA76BD0066ECE3 /* Base */,
			);
			name = Main.storyboard;
			sourceTree = "<group>";
		};
/* End PBXVariantGroup section */

/* Begin XCBuildConfiguration section */
		4050699819AA76BD0066ECE3 /* Debug */ = {
			isa = XCBuildConfiguration;
			buildSettings = {
				ALWAYS_SEARCH_USER_PATHS = NO;
				CLANG_CXX_LANGUAGE_STANDARD = "gnu++0x";
				CLANG_CXX_LIBRARY = "libc++";
				CLANG_ENABLE_MODULES = YES;
				CLANG_ENABLE_OBJC_ARC = YES;
				CLANG_WARN_BOOL_CONVERSION = YES;
				CLANG_WARN_CONSTANT_CONVERSION = YES;
				CLANG_WARN_DIRECT_OBJC_ISA_USAGE = YES_ERROR;
				CLANG_WARN_EMPTY_BODY = YES;
				CLANG_WARN_ENUM_CONVERSION = YES;
				CLANG_WARN_INT_CONVERSION = YES;
				CLANG_WARN_OBJC_ROOT_CLASS = YES_ERROR;
				CLANG_WARN_UNREACHABLE_CODE = YES;
				CLANG_WARN__DUPLICATE_METHOD_MATCH = YES;
				"CODE_SIGN_IDENTITY[sdk=iphoneos*]" = "iPhone Developer";
				COPY_PHASE_STRIP = NO;
				ENABLE_STRICT_OBJC_MSGSEND = YES;
				GCC_C_LANGUAGE_STANDARD = gnu99;
				GCC_DYNAMIC_NO_PIC = NO;
				GCC_OPTIMIZATION_LEVEL = 0;
				GCC_PREPROCESSOR_DEFINITIONS = (
					"DEBUG=1",
					"$(inherited)",
				);
				GCC_SYMBOLS_PRIVATE_EXTERN = NO;
				GCC_WARN_64_TO_32_BIT_CONVERSION = YES;
				GCC_WARN_ABOUT_RETURN_TYPE = YES_ERROR;
				GCC_WARN_UNDECLARED_SELECTOR = YES;
				GCC_WARN_UNINITIALIZED_AUTOS = YES_AGGRESSIVE;
				GCC_WARN_UNUSED_FUNCTION = YES;
				GCC_WARN_UNUSED_VARIABLE = YES;
				IPHONEOS_DEPLOYMENT_TARGET = 8.0;
				MTL_ENABLE_DEBUG_INFO = YES;
				ONLY_ACTIVE_ARCH = YES;
				SDKROOT = iphoneos;
				SWIFT_OPTIMIZATION_LEVEL = "-Onone";
				TARGETED_DEVICE_FAMILY = "1,2";
			};
			name = Debug;
		};
		4050699919AA76BD0066ECE3 /* Release */ = {
			isa = XCBuildConfiguration;
			buildSettings = {
				ALWAYS_SEARCH_USER_PATHS = NO;
				CLANG_CXX_LANGUAGE_STANDARD = "gnu++0x";
				CLANG_CXX_LIBRARY = "libc++";
				CLANG_ENABLE_MODULES = YES;
				CLANG_ENABLE_OBJC_ARC = YES;
				CLANG_WARN_BOOL_CONVERSION = YES;
				CLANG_WARN_CONSTANT_CONVERSION = YES;
				CLANG_WARN_DIRECT_OBJC_ISA_USAGE = YES_ERROR;
				CLANG_WARN_EMPTY_BODY = YES;
				CLANG_WARN_ENUM_CONVERSION = YES;
				CLANG_WARN_INT_CONVERSION = YES;
				CLANG_WARN_OBJC_ROOT_CLASS = YES_ERROR;
				CLANG_WARN_UNREACHABLE_CODE = YES;
				CLANG_WARN__DUPLICATE_METHOD_MATCH = YES;
				"CODE_SIGN_IDENTITY[sdk=iphoneos*]" = "iPhone Developer";
				COPY_PHASE_STRIP = YES;
				ENABLE_NS_ASSERTIONS = NO;
				ENABLE_STRICT_OBJC_MSGSEND = YES;
				GCC_C_LANGUAGE_STANDARD = gnu99;
				GCC_WARN_64_TO_32_BIT_CONVERSION = YES;
				GCC_WARN_ABOUT_RETURN_TYPE = YES_ERROR;
				GCC_WARN_UNDECLARED_SELECTOR = YES;
				GCC_WARN_UNINITIALIZED_AUTOS = YES_AGGRESSIVE;
				GCC_WARN_UNUSED_FUNCTION = YES;
				GCC_WARN_UNUSED_VARIABLE = YES;
				IPHONEOS_DEPLOYMENT_TARGET = 8.0;
				MTL_ENABLE_DEBUG_INFO = NO;
				SDKROOT = iphoneos;
				TARGETED_DEVICE_FAMILY = "1,2";
				VALIDATE_PRODUCT = YES;
			};
			name = Release;
		};
		4050699B19AA76BD0066ECE3 /* Debug */ = {
			isa = XCBuildConfiguration;
			buildSettings = {
				ASSETCATALOG_COMPILER_APPICON_NAME = AppIcon;
				ASSETCATALOG_COMPILER_LAUNCHIMAGE_NAME = LaunchImage;
				INFOPLIST_FILE = Highball/Info.plist;
				LD_RUNPATH_SEARCH_PATHS = "$(inherited) @executable_path/Frameworks";
				PRODUCT_NAME = "$(TARGET_NAME)";
			};
			name = Debug;
		};
		4050699C19AA76BD0066ECE3 /* Release */ = {
			isa = XCBuildConfiguration;
			buildSettings = {
				ASSETCATALOG_COMPILER_APPICON_NAME = AppIcon;
				ASSETCATALOG_COMPILER_LAUNCHIMAGE_NAME = LaunchImage;
				INFOPLIST_FILE = Highball/Info.plist;
				LD_RUNPATH_SEARCH_PATHS = "$(inherited) @executable_path/Frameworks";
				PRODUCT_NAME = "$(TARGET_NAME)";
			};
			name = Release;
		};
		4050699E19AA76BD0066ECE3 /* Debug */ = {
			isa = XCBuildConfiguration;
			buildSettings = {
				BUNDLE_LOADER = "$(TEST_HOST)";
				FRAMEWORK_SEARCH_PATHS = (
					"$(SDKROOT)/Developer/Library/Frameworks",
					"$(inherited)",
				);
				GCC_PREPROCESSOR_DEFINITIONS = (
					"DEBUG=1",
					"$(inherited)",
				);
				INFOPLIST_FILE = HighballTests/Info.plist;
				LD_RUNPATH_SEARCH_PATHS = "$(inherited) @executable_path/Frameworks @loader_path/Frameworks";
				PRODUCT_NAME = "$(TARGET_NAME)";
				TEST_HOST = "$(BUILT_PRODUCTS_DIR)/Highball.app/Highball";
			};
			name = Debug;
		};
		4050699F19AA76BD0066ECE3 /* Release */ = {
			isa = XCBuildConfiguration;
			buildSettings = {
				BUNDLE_LOADER = "$(TEST_HOST)";
				FRAMEWORK_SEARCH_PATHS = (
					"$(SDKROOT)/Developer/Library/Frameworks",
					"$(inherited)",
				);
				INFOPLIST_FILE = HighballTests/Info.plist;
				LD_RUNPATH_SEARCH_PATHS = "$(inherited) @executable_path/Frameworks @loader_path/Frameworks";
				PRODUCT_NAME = "$(TARGET_NAME)";
				TEST_HOST = "$(BUILT_PRODUCTS_DIR)/Highball.app/Highball";
			};
			name = Release;
		};
/* End XCBuildConfiguration section */

/* Begin XCConfigurationList section */
		4050697619AA76BD0066ECE3 /* Build configuration list for PBXProject "Highball" */ = {
			isa = XCConfigurationList;
			buildConfigurations = (
				4050699819AA76BD0066ECE3 /* Debug */,
				4050699919AA76BD0066ECE3 /* Release */,
			);
			defaultConfigurationIsVisible = 0;
			defaultConfigurationName = Release;
		};
		4050699A19AA76BD0066ECE3 /* Build configuration list for PBXNativeTarget "Highball" */ = {
			isa = XCConfigurationList;
			buildConfigurations = (
				4050699B19AA76BD0066ECE3 /* Debug */,
				4050699C19AA76BD0066ECE3 /* Release */,
			);
			defaultConfigurationIsVisible = 0;
		};
		4050699D19AA76BD0066ECE3 /* Build configuration list for PBXNativeTarget "HighballTests" */ = {
			isa = XCConfigurationList;
			buildConfigurations = (
				4050699E19AA76BD0066ECE3 /* Debug */,
				4050699F19AA76BD0066ECE3 /* Release */,
			);
			defaultConfigurationIsVisible = 0;
		};
/* End XCConfigurationList section */

/* Begin XCVersionGroup section */
		4050698219AA76BD0066ECE3 /* Highball.xcdatamodeld */ = {
			isa = XCVersionGroup;
			children = (
				4050698319AA76BD0066ECE3 /* Highball.xcdatamodel */,
			);
			currentVersion = 4050698319AA76BD0066ECE3 /* Highball.xcdatamodel */;
			path = Highball.xcdatamodeld;
			sourceTree = "<group>";
			versionGroupType = wrapper.xcdatamodel;
		};
/* End XCVersionGroup section */
	};
	rootObject = 4050697319AA76BD0066ECE3 /* Project object */;
}
